Microsoft Visual Studio Solution File, Format Version 10.00
# Visual Studio 2008
Project("{8BC9CEB8-8B4A-11D0-8D11-00A0C91BC942}") = "FabianHFO", "FabianHFO\FabianHFO.vcproj", "{D07AF9B6-AE04-4669-8E61-D6E8A8C9A7A6}"
	ProjectSection(ProjectDependencies) = postProject
		{668C4D0B-35FC-4CC2-AF0F-A78D6DDB2929} = {668C4D0B-35FC-4CC2-AF0F-A78D6DDB2929}
		{AAC83167-07C3-4686-9A00-2C6BB231D9A0} = {AAC83167-07C3-4686-9A00-2C6BB231D9A0}
		{88FE10AC-7324-4DC5-A6CE-76A91740D4F0} = {88FE10AC-7324-4DC5-A6CE-76A91740D4F0}
	EndProjectSection
EndProject
Project("{8BC9CEB8-8B4A-11D0-8D11-00A0C91BC942}") = "FabianLib", "FabianLib\FabianLib.vcproj", "{AAC83167-07C3-4686-9A00-2C6BB231D9A0}"
EndProject
Project("{8BC9CEB8-8B4A-11D0-8D11-00A0C91BC942}") = "CELib", "CELib\CELib.vcproj", "{88FE10AC-7324-4DC5-A6CE-76A91740D4F0}"
EndProject
Project("{8BC9CEB8-8B4A-11D0-8D11-00A0C91BC942}") = "acuLinkLib", "acuLinkLib\acuLinkLib.vcproj", "{668C4D0B-35FC-4CC2-AF0F-A78D6DDB2929}"
EndProject
Global
	GlobalSection(SolutionConfigurationPlatforms) = preSolution
		Debug Static|Mixed Platforms = Debug Static|Mixed Platforms
		Debug Static|NetDCU10 (ARMV4I) = Debug Static|NetDCU10 (ARMV4I)
		Debug Static|NetDCU8 (ARMV4I) = Debug Static|NetDCU8 (ARMV4I)
		Debug Static|NetDCU9 (ARMV4I) = Debug Static|NetDCU9 (ARMV4I)
		Debug Static|PicoMOD3 Core (ARMV4I) = Debug Static|PicoMOD3 Core (ARMV4I)
		Debug Static|Pocket PC 2003 (ARMV4) = Debug Static|Pocket PC 2003 (ARMV4)
		Debug Static|Smartphone 2003 (ARMV4) = Debug Static|Smartphone 2003 (ARMV4)
		Debug Static|STANDARDSDK_500 (ARMV4I) = Debug Static|STANDARDSDK_500 (ARMV4I)
		Debug Static|STANDARDSDK_500 (MIPSII) = Debug Static|STANDARDSDK_500 (MIPSII)
		Debug Static|STANDARDSDK_500 (MIPSII_FP) = Debug Static|STANDARDSDK_500 (MIPSII_FP)
		Debug Static|STANDARDSDK_500 (MIPSIV) = Debug Static|STANDARDSDK_500 (MIPSIV)
		Debug Static|STANDARDSDK_500 (MIPSIV_FP) = Debug Static|STANDARDSDK_500 (MIPSIV_FP)
		Debug Static|STANDARDSDK_500 (SH4) = Debug Static|STANDARDSDK_500 (SH4)
		Debug Static|STANDARDSDK_500 (x86) = Debug Static|STANDARDSDK_500 (x86)
		Debug Static|Win32 = Debug Static|Win32
		Debug Static|Windows Mobile 5.0 Pocket PC SDK (ARMV4I) = Debug Static|Windows Mobile 5.0 Pocket PC SDK (ARMV4I)
		Debug Static|Windows Mobile 5.0 Smartphone SDK (ARMV4I) = Debug Static|Windows Mobile 5.0 Smartphone SDK (ARMV4I)
		Debug Static|Windows Mobile 6 Professional SDK (ARMV4I) = Debug Static|Windows Mobile 6 Professional SDK (ARMV4I)
		Debug Static|x64 = Debug Static|x64
		Debug|Mixed Platforms = Debug|Mixed Platforms
		Debug|NetDCU10 (ARMV4I) = Debug|NetDCU10 (ARMV4I)
		Debug|NetDCU8 (ARMV4I) = Debug|NetDCU8 (ARMV4I)
		Debug|NetDCU9 (ARMV4I) = Debug|NetDCU9 (ARMV4I)
		Debug|PicoMOD3 Core (ARMV4I) = Debug|PicoMOD3 Core (ARMV4I)
		Debug|Pocket PC 2003 (ARMV4) = Debug|Pocket PC 2003 (ARMV4)
		Debug|Smartphone 2003 (ARMV4) = Debug|Smartphone 2003 (ARMV4)
		Debug|STANDARDSDK_500 (ARMV4I) = Debug|STANDARDSDK_500 (ARMV4I)
		Debug|STANDARDSDK_500 (MIPSII) = Debug|STANDARDSDK_500 (MIPSII)
		Debug|STANDARDSDK_500 (MIPSII_FP) = Debug|STANDARDSDK_500 (MIPSII_FP)
		Debug|STANDARDSDK_500 (MIPSIV) = Debug|STANDARDSDK_500 (MIPSIV)
		Debug|STANDARDSDK_500 (MIPSIV_FP) = Debug|STANDARDSDK_500 (MIPSIV_FP)
		Debug|STANDARDSDK_500 (SH4) = Debug|STANDARDSDK_500 (SH4)
		Debug|STANDARDSDK_500 (x86) = Debug|STANDARDSDK_500 (x86)
		Debug|Win32 = Debug|Win32
		Debug|Windows Mobile 5.0 Pocket PC SDK (ARMV4I) = Debug|Windows Mobile 5.0 Pocket PC SDK (ARMV4I)
		Debug|Windows Mobile 5.0 Smartphone SDK (ARMV4I) = Debug|Windows Mobile 5.0 Smartphone SDK (ARMV4I)
		Debug|Windows Mobile 6 Professional SDK (ARMV4I) = Debug|Windows Mobile 6 Professional SDK (ARMV4I)
		Debug|x64 = Debug|x64
		DLL-Import Debug|Mixed Platforms = DLL-Import Debug|Mixed Platforms
		DLL-Import Debug|NetDCU10 (ARMV4I) = DLL-Import Debug|NetDCU10 (ARMV4I)
		DLL-Import Debug|NetDCU8 (ARMV4I) = DLL-Import Debug|NetDCU8 (ARMV4I)
		DLL-Import Debug|NetDCU9 (ARMV4I) = DLL-Import Debug|NetDCU9 (ARMV4I)
		DLL-Import Debug|PicoMOD3 Core (ARMV4I) = DLL-Import Debug|PicoMOD3 Core (ARMV4I)
		DLL-Import Debug|Pocket PC 2003 (ARMV4) = DLL-Import Debug|Pocket PC 2003 (ARMV4)
		DLL-Import Debug|Smartphone 2003 (ARMV4) = DLL-Import Debug|Smartphone 2003 (ARMV4)
		DLL-Import Debug|STANDARDSDK_500 (ARMV4I) = DLL-Import Debug|STANDARDSDK_500 (ARMV4I)
		DLL-Import Debug|STANDARDSDK_500 (MIPSII) = DLL-Import Debug|STANDARDSDK_500 (MIPSII)
		DLL-Import Debug|STANDARDSDK_500 (MIPSII_FP) = DLL-Import Debug|STANDARDSDK_500 (MIPSII_FP)
		DLL-Import Debug|STANDARDSDK_500 (MIPSIV) = DLL-Import Debug|STANDARDSDK_500 (MIPSIV)
		DLL-Import Debug|STANDARDSDK_500 (MIPSIV_FP) = DLL-Import Debug|STANDARDSDK_500 (MIPSIV_FP)
		DLL-Import Debug|STANDARDSDK_500 (SH4) = DLL-Import Debug|STANDARDSDK_500 (SH4)
		DLL-Import Debug|STANDARDSDK_500 (x86) = DLL-Import Debug|STANDARDSDK_500 (x86)
		DLL-Import Debug|Win32 = DLL-Import Debug|Win32
		DLL-Import Debug|Windows Mobile 5.0 Pocket PC SDK (ARMV4I) = DLL-Import Debug|Windows Mobile 5.0 Pocket PC SDK (ARMV4I)
		DLL-Import Debug|Windows Mobile 5.0 Smartphone SDK (ARMV4I) = DLL-Import Debug|Windows Mobile 5.0 Smartphone SDK (ARMV4I)
		DLL-Import Debug|Windows Mobile 6 Professional SDK (ARMV4I) = DLL-Import Debug|Windows Mobile 6 Professional SDK (ARMV4I)
		DLL-Import Debug|x64 = DLL-Import Debug|x64
		DLL-Import Release|Mixed Platforms = DLL-Import Release|Mixed Platforms
		DLL-Import Release|NetDCU10 (ARMV4I) = DLL-Import Release|NetDCU10 (ARMV4I)
		DLL-Import Release|NetDCU8 (ARMV4I) = DLL-Import Release|NetDCU8 (ARMV4I)
		DLL-Import Release|NetDCU9 (ARMV4I) = DLL-Import Release|NetDCU9 (ARMV4I)
		DLL-Import Release|PicoMOD3 Core (ARMV4I) = DLL-Import Release|PicoMOD3 Core (ARMV4I)
		DLL-Import Release|Pocket PC 2003 (ARMV4) = DLL-Import Release|Pocket PC 2003 (ARMV4)
		DLL-Import Release|Smartphone 2003 (ARMV4) = DLL-Import Release|Smartphone 2003 (ARMV4)
		DLL-Import Release|STANDARDSDK_500 (ARMV4I) = DLL-Import Release|STANDARDSDK_500 (ARMV4I)
		DLL-Import Release|STANDARDSDK_500 (MIPSII) = DLL-Import Release|STANDARDSDK_500 (MIPSII)
		DLL-Import Release|STANDARDSDK_500 (MIPSII_FP) = DLL-Import Release|STANDARDSDK_500 (MIPSII_FP)
		DLL-Import Release|STANDARDSDK_500 (MIPSIV) = DLL-Import Release|STANDARDSDK_500 (MIPSIV)
		DLL-Import Release|STANDARDSDK_500 (MIPSIV_FP) = DLL-Import Release|STANDARDSDK_500 (MIPSIV_FP)
		DLL-Import Release|STANDARDSDK_500 (SH4) = DLL-Import Release|STANDARDSDK_500 (SH4)
		DLL-Import Release|STANDARDSDK_500 (x86) = DLL-Import Release|STANDARDSDK_500 (x86)
		DLL-Import Release|Win32 = DLL-Import Release|Win32
		DLL-Import Release|Windows Mobile 5.0 Pocket PC SDK (ARMV4I) = DLL-Import Release|Windows Mobile 5.0 Pocket PC SDK (ARMV4I)
		DLL-Import Release|Windows Mobile 5.0 Smartphone SDK (ARMV4I) = DLL-Import Release|Windows Mobile 5.0 Smartphone SDK (ARMV4I)
		DLL-Import Release|Windows Mobile 6 Professional SDK (ARMV4I) = DLL-Import Release|Windows Mobile 6 Professional SDK (ARMV4I)
		DLL-Import Release|x64 = DLL-Import Release|x64
		Release QTec|Mixed Platforms = Release QTec|Mixed Platforms
		Release QTec|NetDCU10 (ARMV4I) = Release QTec|NetDCU10 (ARMV4I)
		Release QTec|NetDCU8 (ARMV4I) = Release QTec|NetDCU8 (ARMV4I)
		Release QTec|NetDCU9 (ARMV4I) = Release QTec|NetDCU9 (ARMV4I)
		Release QTec|PicoMOD3 Core (ARMV4I) = Release QTec|PicoMOD3 Core (ARMV4I)
		Release QTec|Pocket PC 2003 (ARMV4) = Release QTec|Pocket PC 2003 (ARMV4)
		Release QTec|Smartphone 2003 (ARMV4) = Release QTec|Smartphone 2003 (ARMV4)
		Release QTec|STANDARDSDK_500 (ARMV4I) = Release QTec|STANDARDSDK_500 (ARMV4I)
		Release QTec|STANDARDSDK_500 (MIPSII) = Release QTec|STANDARDSDK_500 (MIPSII)
		Release QTec|STANDARDSDK_500 (MIPSII_FP) = Release QTec|STANDARDSDK_500 (MIPSII_FP)
		Release QTec|STANDARDSDK_500 (MIPSIV) = Release QTec|STANDARDSDK_500 (MIPSIV)
		Release QTec|STANDARDSDK_500 (MIPSIV_FP) = Release QTec|STANDARDSDK_500 (MIPSIV_FP)
		Release QTec|STANDARDSDK_500 (SH4) = Release QTec|STANDARDSDK_500 (SH4)
		Release QTec|STANDARDSDK_500 (x86) = Release QTec|STANDARDSDK_500 (x86)
		Release QTec|Win32 = Release QTec|Win32
		Release QTec|Windows Mobile 5.0 Pocket PC SDK (ARMV4I) = Release QTec|Windows Mobile 5.0 Pocket PC SDK (ARMV4I)
		Release QTec|Windows Mobile 5.0 Smartphone SDK (ARMV4I) = Release QTec|Windows Mobile 5.0 Smartphone SDK (ARMV4I)
		Release QTec|Windows Mobile 6 Professional SDK (ARMV4I) = Release QTec|Windows Mobile 6 Professional SDK (ARMV4I)
		Release QTec|x64 = Release QTec|x64
		Release Static|Mixed Platforms = Release Static|Mixed Platforms
		Release Static|NetDCU10 (ARMV4I) = Release Static|NetDCU10 (ARMV4I)
		Release Static|NetDCU8 (ARMV4I) = Release Static|NetDCU8 (ARMV4I)
		Release Static|NetDCU9 (ARMV4I) = Release Static|NetDCU9 (ARMV4I)
		Release Static|PicoMOD3 Core (ARMV4I) = Release Static|PicoMOD3 Core (ARMV4I)
		Release Static|Pocket PC 2003 (ARMV4) = Release Static|Pocket PC 2003 (ARMV4)
		Release Static|Smartphone 2003 (ARMV4) = Release Static|Smartphone 2003 (ARMV4)
		Release Static|STANDARDSDK_500 (ARMV4I) = Release Static|STANDARDSDK_500 (ARMV4I)
		Release Static|STANDARDSDK_500 (MIPSII) = Release Static|STANDARDSDK_500 (MIPSII)
		Release Static|STANDARDSDK_500 (MIPSII_FP) = Release Static|STANDARDSDK_500 (MIPSII_FP)
		Release Static|STANDARDSDK_500 (MIPSIV) = Release Static|STANDARDSDK_500 (MIPSIV)
		Release Static|STANDARDSDK_500 (MIPSIV_FP) = Release Static|STANDARDSDK_500 (MIPSIV_FP)
		Release Static|STANDARDSDK_500 (SH4) = Release Static|STANDARDSDK_500 (SH4)
		Release Static|STANDARDSDK_500 (x86) = Release Static|STANDARDSDK_500 (x86)
		Release Static|Win32 = Release Static|Win32
		Release Static|Windows Mobile 5.0 Pocket PC SDK (ARMV4I) = Release Static|Windows Mobile 5.0 Pocket PC SDK (ARMV4I)
		Release Static|Windows Mobile 5.0 Smartphone SDK (ARMV4I) = Release Static|Windows Mobile 5.0 Smartphone SDK (ARMV4I)
		Release Static|Windows Mobile 6 Professional SDK (ARMV4I) = Release Static|Windows Mobile 6 Professional SDK (ARMV4I)
		Release Static|x64 = Release Static|x64
		Release|Mixed Platforms = Release|Mixed Platforms
		Release|NetDCU10 (ARMV4I) = Release|NetDCU10 (ARMV4I)
		Release|NetDCU8 (ARMV4I) = Release|NetDCU8 (ARMV4I)
		Release|NetDCU9 (ARMV4I) = Release|NetDCU9 (ARMV4I)
		Release|PicoMOD3 Core (ARMV4I) = Release|PicoMOD3 Core (ARMV4I)
		Release|Pocket PC 2003 (ARMV4) = Release|Pocket PC 2003 (ARMV4)
		Release|Smartphone 2003 (ARMV4) = Release|Smartphone 2003 (ARMV4)
		Release|STANDARDSDK_500 (ARMV4I) = Release|STANDARDSDK_500 (ARMV4I)
		Release|STANDARDSDK_500 (MIPSII) = Release|STANDARDSDK_500 (MIPSII)
		Release|STANDARDSDK_500 (MIPSII_FP) = Release|STANDARDSDK_500 (MIPSII_FP)
		Release|STANDARDSDK_500 (MIPSIV) = Release|STANDARDSDK_500 (MIPSIV)
		Release|STANDARDSDK_500 (MIPSIV_FP) = Release|STANDARDSDK_500 (MIPSIV_FP)
		Release|STANDARDSDK_500 (SH4) = Release|STANDARDSDK_500 (SH4)
		Release|STANDARDSDK_500 (x86) = Release|STANDARDSDK_500 (x86)
		Release|Win32 = Release|Win32
		Release|Windows Mobile 5.0 Pocket PC SDK (ARMV4I) = Release|Windows Mobile 5.0 Pocket PC SDK (ARMV4I)
		Release|Windows Mobile 5.0 Smartphone SDK (ARMV4I) = Release|Windows Mobile 5.0 Smartphone SDK (ARMV4I)
		Release|Windows Mobile 6 Professional SDK (ARMV4I) = Release|Windows Mobile 6 Professional SDK (ARMV4I)
		Release|x64 = Release|x64
	EndGlobalSection
	GlobalSection(ProjectConfigurationPlatforms) = postSolution
		{D07AF9B6-AE04-4669-8E61-D6E8A8C9A7A6}.Debug Static|Mixed Platforms.ActiveCfg = Debug|NetDCU9 (ARMV4I)
		{D07AF9B6-AE04-4669-8E61-D6E8A8C9A7A6}.Debug Static|Mixed Platforms.Build.0 = Debug|NetDCU9 (ARMV4I)
		{D07AF9B6-AE04-4669-8E61-D6E8A8C9A7A6}.Debug Static|Mixed Platforms.Deploy.0 = Debug|NetDCU9 (ARMV4I)
		{D07AF9B6-AE04-4669-8E61-D6E8A8C9A7A6}.Debug Static|NetDCU10 (ARMV4I).ActiveCfg = Debug|NetDCU9 (ARMV4I)
		{D07AF9B6-AE04-4669-8E61-D6E8A8C9A7A6}.Debug Static|NetDCU8 (ARMV4I).ActiveCfg = Debug|NetDCU9 (ARMV4I)
		{D07AF9B6-AE04-4669-8E61-D6E8A8C9A7A6}.Debug Static|NetDCU9 (ARMV4I).ActiveCfg = Debug|NetDCU9 (ARMV4I)
		{D07AF9B6-AE04-4669-8E61-D6E8A8C9A7A6}.Debug Static|NetDCU9 (ARMV4I).Build.0 = Debug|NetDCU9 (ARMV4I)
		{D07AF9B6-AE04-4669-8E61-D6E8A8C9A7A6}.Debug Static|NetDCU9 (ARMV4I).Deploy.0 = Debug|NetDCU9 (ARMV4I)
		{D07AF9B6-AE04-4669-8E61-D6E8A8C9A7A6}.Debug Static|PicoMOD3 Core (ARMV4I).ActiveCfg = Debug|NetDCU9 (ARMV4I)
		{D07AF9B6-AE04-4669-8E61-D6E8A8C9A7A6}.Debug Static|Pocket PC 2003 (ARMV4).ActiveCfg = Debug|NetDCU9 (ARMV4I)
		{D07AF9B6-AE04-4669-8E61-D6E8A8C9A7A6}.Debug Static|Smartphone 2003 (ARMV4).ActiveCfg = Debug|NetDCU9 (ARMV4I)
		{D07AF9B6-AE04-4669-8E61-D6E8A8C9A7A6}.Debug Static|STANDARDSDK_500 (ARMV4I).ActiveCfg = Debug|NetDCU9 (ARMV4I)
		{D07AF9B6-AE04-4669-8E61-D6E8A8C9A7A6}.Debug Static|STANDARDSDK_500 (MIPSII).ActiveCfg = Debug|NetDCU9 (ARMV4I)
		{D07AF9B6-AE04-4669-8E61-D6E8A8C9A7A6}.Debug Static|STANDARDSDK_500 (MIPSII_FP).ActiveCfg = Debug|NetDCU9 (ARMV4I)
		{D07AF9B6-AE04-4669-8E61-D6E8A8C9A7A6}.Debug Static|STANDARDSDK_500 (MIPSIV).ActiveCfg = Debug|NetDCU9 (ARMV4I)
		{D07AF9B6-AE04-4669-8E61-D6E8A8C9A7A6}.Debug Static|STANDARDSDK_500 (MIPSIV_FP).ActiveCfg = Debug|NetDCU9 (ARMV4I)
		{D07AF9B6-AE04-4669-8E61-D6E8A8C9A7A6}.Debug Static|STANDARDSDK_500 (SH4).ActiveCfg = Debug|NetDCU9 (ARMV4I)
		{D07AF9B6-AE04-4669-8E61-D6E8A8C9A7A6}.Debug Static|STANDARDSDK_500 (x86).ActiveCfg = Debug|NetDCU9 (ARMV4I)
		{D07AF9B6-AE04-4669-8E61-D6E8A8C9A7A6}.Debug Static|Win32.ActiveCfg = Debug|NetDCU9 (ARMV4I)
		{D07AF9B6-AE04-4669-8E61-D6E8A8C9A7A6}.Debug Static|Windows Mobile 5.0 Pocket PC SDK (ARMV4I).ActiveCfg = Debug|NetDCU9 (ARMV4I)
		{D07AF9B6-AE04-4669-8E61-D6E8A8C9A7A6}.Debug Static|Windows Mobile 5.0 Smartphone SDK (ARMV4I).ActiveCfg = Debug|NetDCU9 (ARMV4I)
		{D07AF9B6-AE04-4669-8E61-D6E8A8C9A7A6}.Debug Static|Windows Mobile 6 Professional SDK (ARMV4I).ActiveCfg = Debug|NetDCU9 (ARMV4I)
		{D07AF9B6-AE04-4669-8E61-D6E8A8C9A7A6}.Debug Static|x64.ActiveCfg = Debug|NetDCU9 (ARMV4I)
		{D07AF9B6-AE04-4669-8E61-D6E8A8C9A7A6}.Debug|Mixed Platforms.ActiveCfg = Debug|NetDCU9 (ARMV4I)
		{D07AF9B6-AE04-4669-8E61-D6E8A8C9A7A6}.Debug|Mixed Platforms.Build.0 = Debug|NetDCU9 (ARMV4I)
		{D07AF9B6-AE04-4669-8E61-D6E8A8C9A7A6}.Debug|Mixed Platforms.Deploy.0 = Debug|NetDCU9 (ARMV4I)
		{D07AF9B6-AE04-4669-8E61-D6E8A8C9A7A6}.Debug|NetDCU10 (ARMV4I).ActiveCfg = Debug|NetDCU9 (ARMV4I)
		{D07AF9B6-AE04-4669-8E61-D6E8A8C9A7A6}.Debug|NetDCU8 (ARMV4I).ActiveCfg = Debug|NetDCU9 (ARMV4I)
		{D07AF9B6-AE04-4669-8E61-D6E8A8C9A7A6}.Debug|NetDCU9 (ARMV4I).ActiveCfg = Debug|NetDCU9 (ARMV4I)
		{D07AF9B6-AE04-4669-8E61-D6E8A8C9A7A6}.Debug|NetDCU9 (ARMV4I).Build.0 = Debug|NetDCU9 (ARMV4I)
		{D07AF9B6-AE04-4669-8E61-D6E8A8C9A7A6}.Debug|NetDCU9 (ARMV4I).Deploy.0 = Debug|NetDCU9 (ARMV4I)
		{D07AF9B6-AE04-4669-8E61-D6E8A8C9A7A6}.Debug|PicoMOD3 Core (ARMV4I).ActiveCfg = Debug|NetDCU9 (ARMV4I)
		{D07AF9B6-AE04-4669-8E61-D6E8A8C9A7A6}.Debug|Pocket PC 2003 (ARMV4).ActiveCfg = Debug|NetDCU9 (ARMV4I)
		{D07AF9B6-AE04-4669-8E61-D6E8A8C9A7A6}.Debug|Smartphone 2003 (ARMV4).ActiveCfg = Debug|NetDCU9 (ARMV4I)
		{D07AF9B6-AE04-4669-8E61-D6E8A8C9A7A6}.Debug|STANDARDSDK_500 (ARMV4I).ActiveCfg = Debug|NetDCU9 (ARMV4I)
		{D07AF9B6-AE04-4669-8E61-D6E8A8C9A7A6}.Debug|STANDARDSDK_500 (MIPSII).ActiveCfg = Debug|NetDCU9 (ARMV4I)
		{D07AF9B6-AE04-4669-8E61-D6E8A8C9A7A6}.Debug|STANDARDSDK_500 (MIPSII_FP).ActiveCfg = Debug|NetDCU9 (ARMV4I)
		{D07AF9B6-AE04-4669-8E61-D6E8A8C9A7A6}.Debug|STANDARDSDK_500 (MIPSIV).ActiveCfg = Debug|NetDCU9 (ARMV4I)
		{D07AF9B6-AE04-4669-8E61-D6E8A8C9A7A6}.Debug|STANDARDSDK_500 (MIPSIV_FP).ActiveCfg = Debug|NetDCU9 (ARMV4I)
		{D07AF9B6-AE04-4669-8E61-D6E8A8C9A7A6}.Debug|STANDARDSDK_500 (SH4).ActiveCfg = Debug|NetDCU9 (ARMV4I)
		{D07AF9B6-AE04-4669-8E61-D6E8A8C9A7A6}.Debug|STANDARDSDK_500 (x86).ActiveCfg = Debug|NetDCU9 (ARMV4I)
		{D07AF9B6-AE04-4669-8E61-D6E8A8C9A7A6}.Debug|Win32.ActiveCfg = Debug|NetDCU9 (ARMV4I)
		{D07AF9B6-AE04-4669-8E61-D6E8A8C9A7A6}.Debug|Windows Mobile 5.0 Pocket PC SDK (ARMV4I).ActiveCfg = Debug|NetDCU9 (ARMV4I)
		{D07AF9B6-AE04-4669-8E61-D6E8A8C9A7A6}.Debug|Windows Mobile 5.0 Smartphone SDK (ARMV4I).ActiveCfg = Debug|NetDCU9 (ARMV4I)
		{D07AF9B6-AE04-4669-8E61-D6E8A8C9A7A6}.Debug|Windows Mobile 6 Professional SDK (ARMV4I).ActiveCfg = Debug|NetDCU9 (ARMV4I)
		{D07AF9B6-AE04-4669-8E61-D6E8A8C9A7A6}.Debug|x64.ActiveCfg = Debug|NetDCU9 (ARMV4I)
		{D07AF9B6-AE04-4669-8E61-D6E8A8C9A7A6}.DLL-Import Debug|Mixed Platforms.ActiveCfg = Debug|NetDCU9 (ARMV4I)
		{D07AF9B6-AE04-4669-8E61-D6E8A8C9A7A6}.DLL-Import Debug|Mixed Platforms.Build.0 = Debug|NetDCU9 (ARMV4I)
		{D07AF9B6-AE04-4669-8E61-D6E8A8C9A7A6}.DLL-Import Debug|Mixed Platforms.Deploy.0 = Debug|NetDCU9 (ARMV4I)
		{D07AF9B6-AE04-4669-8E61-D6E8A8C9A7A6}.DLL-Import Debug|NetDCU10 (ARMV4I).ActiveCfg = Debug|NetDCU9 (ARMV4I)
		{D07AF9B6-AE04-4669-8E61-D6E8A8C9A7A6}.DLL-Import Debug|NetDCU8 (ARMV4I).ActiveCfg = Debug|NetDCU9 (ARMV4I)
		{D07AF9B6-AE04-4669-8E61-D6E8A8C9A7A6}.DLL-Import Debug|NetDCU9 (ARMV4I).ActiveCfg = Debug|NetDCU9 (ARMV4I)
		{D07AF9B6-AE04-4669-8E61-D6E8A8C9A7A6}.DLL-Import Debug|NetDCU9 (ARMV4I).Build.0 = Debug|NetDCU9 (ARMV4I)
		{D07AF9B6-AE04-4669-8E61-D6E8A8C9A7A6}.DLL-Import Debug|NetDCU9 (ARMV4I).Deploy.0 = Debug|NetDCU9 (ARMV4I)
		{D07AF9B6-AE04-4669-8E61-D6E8A8C9A7A6}.DLL-Import Debug|PicoMOD3 Core (ARMV4I).ActiveCfg = Debug|NetDCU9 (ARMV4I)
		{D07AF9B6-AE04-4669-8E61-D6E8A8C9A7A6}.DLL-Import Debug|Pocket PC 2003 (ARMV4).ActiveCfg = Debug|NetDCU9 (ARMV4I)
		{D07AF9B6-AE04-4669-8E61-D6E8A8C9A7A6}.DLL-Import Debug|Smartphone 2003 (ARMV4).ActiveCfg = Debug|NetDCU9 (ARMV4I)
		{D07AF9B6-AE04-4669-8E61-D6E8A8C9A7A6}.DLL-Import Debug|STANDARDSDK_500 (ARMV4I).ActiveCfg = Debug|NetDCU9 (ARMV4I)
		{D07AF9B6-AE04-4669-8E61-D6E8A8C9A7A6}.DLL-Import Debug|STANDARDSDK_500 (MIPSII).ActiveCfg = Debug|NetDCU9 (ARMV4I)
		{D07AF9B6-AE04-4669-8E61-D6E8A8C9A7A6}.DLL-Import Debug|STANDARDSDK_500 (MIPSII_FP).ActiveCfg = Debug|NetDCU9 (ARMV4I)
		{D07AF9B6-AE04-4669-8E61-D6E8A8C9A7A6}.DLL-Import Debug|STANDARDSDK_500 (MIPSIV).ActiveCfg = Debug|NetDCU9 (ARMV4I)
		{D07AF9B6-AE04-4669-8E61-D6E8A8C9A7A6}.DLL-Import Debug|STANDARDSDK_500 (MIPSIV_FP).ActiveCfg = Debug|NetDCU9 (ARMV4I)
		{D07AF9B6-AE04-4669-8E61-D6E8A8C9A7A6}.DLL-Import Debug|STANDARDSDK_500 (SH4).ActiveCfg = Debug|NetDCU9 (ARMV4I)
		{D07AF9B6-AE04-4669-8E61-D6E8A8C9A7A6}.DLL-Import Debug|STANDARDSDK_500 (x86).ActiveCfg = Debug|NetDCU9 (ARMV4I)
		{D07AF9B6-AE04-4669-8E61-D6E8A8C9A7A6}.DLL-Import Debug|Win32.ActiveCfg = Debug|NetDCU9 (ARMV4I)
		{D07AF9B6-AE04-4669-8E61-D6E8A8C9A7A6}.DLL-Import Debug|Windows Mobile 5.0 Pocket PC SDK (ARMV4I).ActiveCfg = Debug|NetDCU9 (ARMV4I)
		{D07AF9B6-AE04-4669-8E61-D6E8A8C9A7A6}.DLL-Import Debug|Windows Mobile 5.0 Smartphone SDK (ARMV4I).ActiveCfg = Debug|NetDCU9 (ARMV4I)
		{D07AF9B6-AE04-4669-8E61-D6E8A8C9A7A6}.DLL-Import Debug|Windows Mobile 6 Professional SDK (ARMV4I).ActiveCfg = Debug|NetDCU9 (ARMV4I)
		{D07AF9B6-AE04-4669-8E61-D6E8A8C9A7A6}.DLL-Import Debug|x64.ActiveCfg = Debug|NetDCU9 (ARMV4I)
		{D07AF9B6-AE04-4669-8E61-D6E8A8C9A7A6}.DLL-Import Release|Mixed Platforms.ActiveCfg = Release|NetDCU9 (ARMV4I)
		{D07AF9B6-AE04-4669-8E61-D6E8A8C9A7A6}.DLL-Import Release|Mixed Platforms.Build.0 = Release|NetDCU9 (ARMV4I)
		{D07AF9B6-AE04-4669-8E61-D6E8A8C9A7A6}.DLL-Import Release|Mixed Platforms.Deploy.0 = Release|NetDCU9 (ARMV4I)
		{D07AF9B6-AE04-4669-8E61-D6E8A8C9A7A6}.DLL-Import Release|NetDCU10 (ARMV4I).ActiveCfg = Release|NetDCU9 (ARMV4I)
		{D07AF9B6-AE04-4669-8E61-D6E8A8C9A7A6}.DLL-Import Release|NetDCU8 (ARMV4I).ActiveCfg = Release|NetDCU9 (ARMV4I)
		{D07AF9B6-AE04-4669-8E61-D6E8A8C9A7A6}.DLL-Import Release|NetDCU9 (ARMV4I).ActiveCfg = Release|NetDCU9 (ARMV4I)
		{D07AF9B6-AE04-4669-8E61-D6E8A8C9A7A6}.DLL-Import Release|NetDCU9 (ARMV4I).Build.0 = Release|NetDCU9 (ARMV4I)
		{D07AF9B6-AE04-4669-8E61-D6E8A8C9A7A6}.DLL-Import Release|NetDCU9 (ARMV4I).Deploy.0 = Release|NetDCU9 (ARMV4I)
		{D07AF9B6-AE04-4669-8E61-D6E8A8C9A7A6}.DLL-Import Release|PicoMOD3 Core (ARMV4I).ActiveCfg = Release|NetDCU9 (ARMV4I)
		{D07AF9B6-AE04-4669-8E61-D6E8A8C9A7A6}.DLL-Import Release|Pocket PC 2003 (ARMV4).ActiveCfg = Release|NetDCU9 (ARMV4I)
		{D07AF9B6-AE04-4669-8E61-D6E8A8C9A7A6}.DLL-Import Release|Smartphone 2003 (ARMV4).ActiveCfg = Release|NetDCU9 (ARMV4I)
		{D07AF9B6-AE04-4669-8E61-D6E8A8C9A7A6}.DLL-Import Release|STANDARDSDK_500 (ARMV4I).ActiveCfg = Release|NetDCU9 (ARMV4I)
		{D07AF9B6-AE04-4669-8E61-D6E8A8C9A7A6}.DLL-Import Release|STANDARDSDK_500 (MIPSII).ActiveCfg = Release|NetDCU9 (ARMV4I)
		{D07AF9B6-AE04-4669-8E61-D6E8A8C9A7A6}.DLL-Import Release|STANDARDSDK_500 (MIPSII_FP).ActiveCfg = Release|NetDCU9 (ARMV4I)
		{D07AF9B6-AE04-4669-8E61-D6E8A8C9A7A6}.DLL-Import Release|STANDARDSDK_500 (MIPSIV).ActiveCfg = Release|NetDCU9 (ARMV4I)
		{D07AF9B6-AE04-4669-8E61-D6E8A8C9A7A6}.DLL-Import Release|STANDARDSDK_500 (MIPSIV_FP).ActiveCfg = Release|NetDCU9 (ARMV4I)
		{D07AF9B6-AE04-4669-8E61-D6E8A8C9A7A6}.DLL-Import Release|STANDARDSDK_500 (SH4).ActiveCfg = Release|NetDCU9 (ARMV4I)
		{D07AF9B6-AE04-4669-8E61-D6E8A8C9A7A6}.DLL-Import Release|STANDARDSDK_500 (x86).ActiveCfg = Release|NetDCU9 (ARMV4I)
		{D07AF9B6-AE04-4669-8E61-D6E8A8C9A7A6}.DLL-Import Release|Win32.ActiveCfg = Release|NetDCU9 (ARMV4I)
		{D07AF9B6-AE04-4669-8E61-D6E8A8C9A7A6}.DLL-Import Release|Windows Mobile 5.0 Pocket PC SDK (ARMV4I).ActiveCfg = Release|NetDCU9 (ARMV4I)
		{D07AF9B6-AE04-4669-8E61-D6E8A8C9A7A6}.DLL-Import Release|Windows Mobile 5.0 Smartphone SDK (ARMV4I).ActiveCfg = Release|NetDCU9 (ARMV4I)
		{D07AF9B6-AE04-4669-8E61-D6E8A8C9A7A6}.DLL-Import Release|Windows Mobile 6 Professional SDK (ARMV4I).ActiveCfg = Release|NetDCU9 (ARMV4I)
		{D07AF9B6-AE04-4669-8E61-D6E8A8C9A7A6}.DLL-Import Release|x64.ActiveCfg = Release|NetDCU9 (ARMV4I)
		{D07AF9B6-AE04-4669-8E61-D6E8A8C9A7A6}.Release QTec|Mixed Platforms.ActiveCfg = Release|NetDCU9 (ARMV4I)
		{D07AF9B6-AE04-4669-8E61-D6E8A8C9A7A6}.Release QTec|Mixed Platforms.Build.0 = Release|NetDCU9 (ARMV4I)
		{D07AF9B6-AE04-4669-8E61-D6E8A8C9A7A6}.Release QTec|Mixed Platforms.Deploy.0 = Release|NetDCU9 (ARMV4I)
		{D07AF9B6-AE04-4669-8E61-D6E8A8C9A7A6}.Release QTec|NetDCU10 (ARMV4I).ActiveCfg = Release|NetDCU9 (ARMV4I)
		{D07AF9B6-AE04-4669-8E61-D6E8A8C9A7A6}.Release QTec|NetDCU8 (ARMV4I).ActiveCfg = Release|NetDCU9 (ARMV4I)
		{D07AF9B6-AE04-4669-8E61-D6E8A8C9A7A6}.Release QTec|NetDCU9 (ARMV4I).ActiveCfg = Release|NetDCU9 (ARMV4I)
		{D07AF9B6-AE04-4669-8E61-D6E8A8C9A7A6}.Release QTec|NetDCU9 (ARMV4I).Build.0 = Release|NetDCU9 (ARMV4I)
		{D07AF9B6-AE04-4669-8E61-D6E8A8C9A7A6}.Release QTec|NetDCU9 (ARMV4I).Deploy.0 = Release|NetDCU9 (ARMV4I)
		{D07AF9B6-AE04-4669-8E61-D6E8A8C9A7A6}.Release QTec|PicoMOD3 Core (ARMV4I).ActiveCfg = Release|NetDCU9 (ARMV4I)
		{D07AF9B6-AE04-4669-8E61-D6E8A8C9A7A6}.Release QTec|Pocket PC 2003 (ARMV4).ActiveCfg = Release|NetDCU9 (ARMV4I)
		{D07AF9B6-AE04-4669-8E61-D6E8A8C9A7A6}.Release QTec|Smartphone 2003 (ARMV4).ActiveCfg = Release|NetDCU9 (ARMV4I)
		{D07AF9B6-AE04-4669-8E61-D6E8A8C9A7A6}.Release QTec|STANDARDSDK_500 (ARMV4I).ActiveCfg = Release|NetDCU9 (ARMV4I)
		{D07AF9B6-AE04-4669-8E61-D6E8A8C9A7A6}.Release QTec|STANDARDSDK_500 (MIPSII).ActiveCfg = Release|NetDCU9 (ARMV4I)
		{D07AF9B6-AE04-4669-8E61-D6E8A8C9A7A6}.Release QTec|STANDARDSDK_500 (MIPSII_FP).ActiveCfg = Release|NetDCU9 (ARMV4I)
		{D07AF9B6-AE04-4669-8E61-D6E8A8C9A7A6}.Release QTec|STANDARDSDK_500 (MIPSIV).ActiveCfg = Release|NetDCU9 (ARMV4I)
		{D07AF9B6-AE04-4669-8E61-D6E8A8C9A7A6}.Release QTec|STANDARDSDK_500 (MIPSIV_FP).ActiveCfg = Release|NetDCU9 (ARMV4I)
		{D07AF9B6-AE04-4669-8E61-D6E8A8C9A7A6}.Release QTec|STANDARDSDK_500 (SH4).ActiveCfg = Release|NetDCU9 (ARMV4I)
		{D07AF9B6-AE04-4669-8E61-D6E8A8C9A7A6}.Release QTec|STANDARDSDK_500 (x86).ActiveCfg = Release|NetDCU9 (ARMV4I)
		{D07AF9B6-AE04-4669-8E61-D6E8A8C9A7A6}.Release QTec|Win32.ActiveCfg = Release|NetDCU9 (ARMV4I)
		{D07AF9B6-AE04-4669-8E61-D6E8A8C9A7A6}.Release QTec|Windows Mobile 5.0 Pocket PC SDK (ARMV4I).ActiveCfg = Release|NetDCU9 (ARMV4I)
		{D07AF9B6-AE04-4669-8E61-D6E8A8C9A7A6}.Release QTec|Windows Mobile 5.0 Smartphone SDK (ARMV4I).ActiveCfg = Release|NetDCU9 (ARMV4I)
		{D07AF9B6-AE04-4669-8E61-D6E8A8C9A7A6}.Release QTec|Windows Mobile 6 Professional SDK (ARMV4I).ActiveCfg = Release|NetDCU9 (ARMV4I)
		{D07AF9B6-AE04-4669-8E61-D6E8A8C9A7A6}.Release QTec|x64.ActiveCfg = Release|NetDCU9 (ARMV4I)
		{D07AF9B6-AE04-4669-8E61-D6E8A8C9A7A6}.Release Static|Mixed Platforms.ActiveCfg = Release|NetDCU9 (ARMV4I)
		{D07AF9B6-AE04-4669-8E61-D6E8A8C9A7A6}.Release Static|Mixed Platforms.Build.0 = Release|NetDCU9 (ARMV4I)
		{D07AF9B6-AE04-4669-8E61-D6E8A8C9A7A6}.Release Static|Mixed Platforms.Deploy.0 = Release|NetDCU9 (ARMV4I)
		{D07AF9B6-AE04-4669-8E61-D6E8A8C9A7A6}.Release Static|NetDCU10 (ARMV4I).ActiveCfg = Release|NetDCU9 (ARMV4I)
		{D07AF9B6-AE04-4669-8E61-D6E8A8C9A7A6}.Release Static|NetDCU8 (ARMV4I).ActiveCfg = Release|NetDCU9 (ARMV4I)
		{D07AF9B6-AE04-4669-8E61-D6E8A8C9A7A6}.Release Static|NetDCU9 (ARMV4I).ActiveCfg = Release|NetDCU9 (ARMV4I)
		{D07AF9B6-AE04-4669-8E61-D6E8A8C9A7A6}.Release Static|NetDCU9 (ARMV4I).Build.0 = Release|NetDCU9 (ARMV4I)
		{D07AF9B6-AE04-4669-8E61-D6E8A8C9A7A6}.Release Static|NetDCU9 (ARMV4I).Deploy.0 = Release|NetDCU9 (ARMV4I)
		{D07AF9B6-AE04-4669-8E61-D6E8A8C9A7A6}.Release Static|PicoMOD3 Core (ARMV4I).ActiveCfg = Release|NetDCU9 (ARMV4I)
		{D07AF9B6-AE04-4669-8E61-D6E8A8C9A7A6}.Release Static|Pocket PC 2003 (ARMV4).ActiveCfg = Release|NetDCU9 (ARMV4I)
		{D07AF9B6-AE04-4669-8E61-D6E8A8C9A7A6}.Release Static|Smartphone 2003 (ARMV4).ActiveCfg = Release|NetDCU9 (ARMV4I)
		{D07AF9B6-AE04-4669-8E61-D6E8A8C9A7A6}.Release Static|STANDARDSDK_500 (ARMV4I).ActiveCfg = Release|NetDCU9 (ARMV4I)
		{D07AF9B6-AE04-4669-8E61-D6E8A8C9A7A6}.Release Static|STANDARDSDK_500 (MIPSII).ActiveCfg = Release|NetDCU9 (ARMV4I)
		{D07AF9B6-AE04-4669-8E61-D6E8A8C9A7A6}.Release Static|STANDARDSDK_500 (MIPSII_FP).ActiveCfg = Release|NetDCU9 (ARMV4I)
		{D07AF9B6-AE04-4669-8E61-D6E8A8C9A7A6}.Release Static|STANDARDSDK_500 (MIPSIV).ActiveCfg = Release|NetDCU9 (ARMV4I)
		{D07AF9B6-AE04-4669-8E61-D6E8A8C9A7A6}.Release Static|STANDARDSDK_500 (MIPSIV_FP).ActiveCfg = Release|NetDCU9 (ARMV4I)
		{D07AF9B6-AE04-4669-8E61-D6E8A8C9A7A6}.Release Static|STANDARDSDK_500 (SH4).ActiveCfg = Release|NetDCU9 (ARMV4I)
		{D07AF9B6-AE04-4669-8E61-D6E8A8C9A7A6}.Release Static|STANDARDSDK_500 (x86).ActiveCfg = Release|NetDCU9 (ARMV4I)
		{D07AF9B6-AE04-4669-8E61-D6E8A8C9A7A6}.Release Static|Win32.ActiveCfg = Release|NetDCU9 (ARMV4I)
		{D07AF9B6-AE04-4669-8E61-D6E8A8C9A7A6}.Release Static|Windows Mobile 5.0 Pocket PC SDK (ARMV4I).ActiveCfg = Release|NetDCU9 (ARMV4I)
		{D07AF9B6-AE04-4669-8E61-D6E8A8C9A7A6}.Release Static|Windows Mobile 5.0 Smartphone SDK (ARMV4I).ActiveCfg = Release|NetDCU9 (ARMV4I)
		{D07AF9B6-AE04-4669-8E61-D6E8A8C9A7A6}.Release Static|Windows Mobile 6 Professional SDK (ARMV4I).ActiveCfg = Release|NetDCU9 (ARMV4I)
		{D07AF9B6-AE04-4669-8E61-D6E8A8C9A7A6}.Release Static|x64.ActiveCfg = Release|NetDCU9 (ARMV4I)
		{D07AF9B6-AE04-4669-8E61-D6E8A8C9A7A6}.Release|Mixed Platforms.ActiveCfg = Release|NetDCU9 (ARMV4I)
		{D07AF9B6-AE04-4669-8E61-D6E8A8C9A7A6}.Release|Mixed Platforms.Build.0 = Release|NetDCU9 (ARMV4I)
		{D07AF9B6-AE04-4669-8E61-D6E8A8C9A7A6}.Release|Mixed Platforms.Deploy.0 = Release|NetDCU9 (ARMV4I)
		{D07AF9B6-AE04-4669-8E61-D6E8A8C9A7A6}.Release|NetDCU10 (ARMV4I).ActiveCfg = Release|NetDCU9 (ARMV4I)
		{D07AF9B6-AE04-4669-8E61-D6E8A8C9A7A6}.Release|NetDCU8 (ARMV4I).ActiveCfg = Release|NetDCU9 (ARMV4I)
		{D07AF9B6-AE04-4669-8E61-D6E8A8C9A7A6}.Release|NetDCU9 (ARMV4I).ActiveCfg = Release|NetDCU9 (ARMV4I)
		{D07AF9B6-AE04-4669-8E61-D6E8A8C9A7A6}.Release|NetDCU9 (ARMV4I).Build.0 = Release|NetDCU9 (ARMV4I)
		{D07AF9B6-AE04-4669-8E61-D6E8A8C9A7A6}.Release|NetDCU9 (ARMV4I).Deploy.0 = Release|NetDCU9 (ARMV4I)
		{D07AF9B6-AE04-4669-8E61-D6E8A8C9A7A6}.Release|PicoMOD3 Core (ARMV4I).ActiveCfg = Release|NetDCU9 (ARMV4I)
		{D07AF9B6-AE04-4669-8E61-D6E8A8C9A7A6}.Release|Pocket PC 2003 (ARMV4).ActiveCfg = Release|NetDCU9 (ARMV4I)
		{D07AF9B6-AE04-4669-8E61-D6E8A8C9A7A6}.Release|Smartphone 2003 (ARMV4).ActiveCfg = Release|NetDCU9 (ARMV4I)
		{D07AF9B6-AE04-4669-8E61-D6E8A8C9A7A6}.Release|STANDARDSDK_500 (ARMV4I).ActiveCfg = Release|NetDCU9 (ARMV4I)
		{D07AF9B6-AE04-4669-8E61-D6E8A8C9A7A6}.Release|STANDARDSDK_500 (MIPSII).ActiveCfg = Release|NetDCU9 (ARMV4I)
		{D07AF9B6-AE04-4669-8E61-D6E8A8C9A7A6}.Release|STANDARDSDK_500 (MIPSII_FP).ActiveCfg = Release|NetDCU9 (ARMV4I)
		{D07AF9B6-AE04-4669-8E61-D6E8A8C9A7A6}.Release|STANDARDSDK_500 (MIPSIV).ActiveCfg = Release|NetDCU9 (ARMV4I)
		{D07AF9B6-AE04-4669-8E61-D6E8A8C9A7A6}.Release|STANDARDSDK_500 (MIPSIV_FP).ActiveCfg = Release|NetDCU9 (ARMV4I)
		{D07AF9B6-AE04-4669-8E61-D6E8A8C9A7A6}.Release|STANDARDSDK_500 (SH4).ActiveCfg = Release|NetDCU9 (ARMV4I)
		{D07AF9B6-AE04-4669-8E61-D6E8A8C9A7A6}.Release|STANDARDSDK_500 (x86).ActiveCfg = Release|NetDCU9 (ARMV4I)
		{D07AF9B6-AE04-4669-8E61-D6E8A8C9A7A6}.Release|Win32.ActiveCfg = Release|NetDCU9 (ARMV4I)
		{D07AF9B6-AE04-4669-8E61-D6E8A8C9A7A6}.Release|Windows Mobile 5.0 Pocket PC SDK (ARMV4I).ActiveCfg = Release|NetDCU9 (ARMV4I)
		{D07AF9B6-AE04-4669-8E61-D6E8A8C9A7A6}.Release|Windows Mobile 5.0 Smartphone SDK (ARMV4I).ActiveCfg = Release|NetDCU9 (ARMV4I)
		{D07AF9B6-AE04-4669-8E61-D6E8A8C9A7A6}.Release|Windows Mobile 6 Professional SDK (ARMV4I).ActiveCfg = Release|NetDCU9 (ARMV4I)
		{D07AF9B6-AE04-4669-8E61-D6E8A8C9A7A6}.Release|x64.ActiveCfg = Release|NetDCU9 (ARMV4I)
		{AAC83167-07C3-4686-9A00-2C6BB231D9A0}.Debug Static|Mixed Platforms.ActiveCfg = Debug|NetDCU9 (ARMV4I)
		{AAC83167-07C3-4686-9A00-2C6BB231D9A0}.Debug Static|Mixed Platforms.Build.0 = Debug|NetDCU9 (ARMV4I)
		{AAC83167-07C3-4686-9A00-2C6BB231D9A0}.Debug Static|Mixed Platforms.Deploy.0 = Debug|NetDCU9 (ARMV4I)
		{AAC83167-07C3-4686-9A00-2C6BB231D9A0}.Debug Static|NetDCU10 (ARMV4I).ActiveCfg = Debug|NetDCU9 (ARMV4I)
		{AAC83167-07C3-4686-9A00-2C6BB231D9A0}.Debug Static|NetDCU8 (ARMV4I).ActiveCfg = Debug|NetDCU9 (ARMV4I)
		{AAC83167-07C3-4686-9A00-2C6BB231D9A0}.Debug Static|NetDCU9 (ARMV4I).ActiveCfg = Debug|NetDCU9 (ARMV4I)
		{AAC83167-07C3-4686-9A00-2C6BB231D9A0}.Debug Static|NetDCU9 (ARMV4I).Build.0 = Debug|NetDCU9 (ARMV4I)
		{AAC83167-07C3-4686-9A00-2C6BB231D9A0}.Debug Static|NetDCU9 (ARMV4I).Deploy.0 = Debug|NetDCU9 (ARMV4I)
		{AAC83167-07C3-4686-9A00-2C6BB231D9A0}.Debug Static|PicoMOD3 Core (ARMV4I).ActiveCfg = Debug|NetDCU9 (ARMV4I)
		{AAC83167-07C3-4686-9A00-2C6BB231D9A0}.Debug Static|Pocket PC 2003 (ARMV4).ActiveCfg = Debug|NetDCU9 (ARMV4I)
		{AAC83167-07C3-4686-9A00-2C6BB231D9A0}.Debug Static|Smartphone 2003 (ARMV4).ActiveCfg = Debug|NetDCU9 (ARMV4I)
		{AAC83167-07C3-4686-9A00-2C6BB231D9A0}.Debug Static|STANDARDSDK_500 (ARMV4I).ActiveCfg = Debug|NetDCU9 (ARMV4I)
		{AAC83167-07C3-4686-9A00-2C6BB231D9A0}.Debug Static|STANDARDSDK_500 (MIPSII).ActiveCfg = Debug|NetDCU9 (ARMV4I)
		{AAC83167-07C3-4686-9A00-2C6BB231D9A0}.Debug Static|STANDARDSDK_500 (MIPSII_FP).ActiveCfg = Debug|NetDCU9 (ARMV4I)
		{AAC83167-07C3-4686-9A00-2C6BB231D9A0}.Debug Static|STANDARDSDK_500 (MIPSIV).ActiveCfg = Debug|NetDCU9 (ARMV4I)
		{AAC83167-07C3-4686-9A00-2C6BB231D9A0}.Debug Static|STANDARDSDK_500 (MIPSIV_FP).ActiveCfg = Debug|NetDCU9 (ARMV4I)
		{AAC83167-07C3-4686-9A00-2C6BB231D9A0}.Debug Static|STANDARDSDK_500 (SH4).ActiveCfg = Debug|NetDCU9 (ARMV4I)
		{AAC83167-07C3-4686-9A00-2C6BB231D9A0}.Debug Static|STANDARDSDK_500 (x86).ActiveCfg = Debug|NetDCU9 (ARMV4I)
		{AAC83167-07C3-4686-9A00-2C6BB231D9A0}.Debug Static|Win32.ActiveCfg = Debug|NetDCU9 (ARMV4I)
		{AAC83167-07C3-4686-9A00-2C6BB231D9A0}.Debug Static|Windows Mobile 5.0 Pocket PC SDK (ARMV4I).ActiveCfg = Debug|NetDCU9 (ARMV4I)
		{AAC83167-07C3-4686-9A00-2C6BB231D9A0}.Debug Static|Windows Mobile 5.0 Smartphone SDK (ARMV4I).ActiveCfg = Debug|NetDCU9 (ARMV4I)
		{AAC83167-07C3-4686-9A00-2C6BB231D9A0}.Debug Static|Windows Mobile 6 Professional SDK (ARMV4I).ActiveCfg = Debug|NetDCU9 (ARMV4I)
		{AAC83167-07C3-4686-9A00-2C6BB231D9A0}.Debug Static|x64.ActiveCfg = Debug|NetDCU9 (ARMV4I)
		{AAC83167-07C3-4686-9A00-2C6BB231D9A0}.Debug|Mixed Platforms.ActiveCfg = Debug|NetDCU9 (ARMV4I)
		{AAC83167-07C3-4686-9A00-2C6BB231D9A0}.Debug|Mixed Platforms.Build.0 = Debug|NetDCU9 (ARMV4I)
		{AAC83167-07C3-4686-9A00-2C6BB231D9A0}.Debug|Mixed Platforms.Deploy.0 = Debug|NetDCU9 (ARMV4I)
		{AAC83167-07C3-4686-9A00-2C6BB231D9A0}.Debug|NetDCU10 (ARMV4I).ActiveCfg = Debug|NetDCU9 (ARMV4I)
		{AAC83167-07C3-4686-9A00-2C6BB231D9A0}.Debug|NetDCU8 (ARMV4I).ActiveCfg = Debug|NetDCU9 (ARMV4I)
		{AAC83167-07C3-4686-9A00-2C6BB231D9A0}.Debug|NetDCU9 (ARMV4I).ActiveCfg = Debug|NetDCU9 (ARMV4I)
		{AAC83167-07C3-4686-9A00-2C6BB231D9A0}.Debug|NetDCU9 (ARMV4I).Build.0 = Debug|NetDCU9 (ARMV4I)
		{AAC83167-07C3-4686-9A00-2C6BB231D9A0}.Debug|NetDCU9 (ARMV4I).Deploy.0 = Debug|NetDCU9 (ARMV4I)
		{AAC83167-07C3-4686-9A00-2C6BB231D9A0}.Debug|PicoMOD3 Core (ARMV4I).ActiveCfg = Debug|NetDCU9 (ARMV4I)
		{AAC83167-07C3-4686-9A00-2C6BB231D9A0}.Debug|Pocket PC 2003 (ARMV4).ActiveCfg = Debug|NetDCU9 (ARMV4I)
		{AAC83167-07C3-4686-9A00-2C6BB231D9A0}.Debug|Smartphone 2003 (ARMV4).ActiveCfg = Debug|NetDCU9 (ARMV4I)
		{AAC83167-07C3-4686-9A00-2C6BB231D9A0}.Debug|STANDARDSDK_500 (ARMV4I).ActiveCfg = Debug|NetDCU9 (ARMV4I)
		{AAC83167-07C3-4686-9A00-2C6BB231D9A0}.Debug|STANDARDSDK_500 (MIPSII).ActiveCfg = Debug|NetDCU9 (ARMV4I)
		{AAC83167-07C3-4686-9A00-2C6BB231D9A0}.Debug|STANDARDSDK_500 (MIPSII_FP).ActiveCfg = Debug|NetDCU9 (ARMV4I)
		{AAC83167-07C3-4686-9A00-2C6BB231D9A0}.Debug|STANDARDSDK_500 (MIPSIV).ActiveCfg = Debug|NetDCU9 (ARMV4I)
		{AAC83167-07C3-4686-9A00-2C6BB231D9A0}.Debug|STANDARDSDK_500 (MIPSIV_FP).ActiveCfg = Debug|NetDCU9 (ARMV4I)
		{AAC83167-07C3-4686-9A00-2C6BB231D9A0}.Debug|STANDARDSDK_500 (SH4).ActiveCfg = Debug|NetDCU9 (ARMV4I)
		{AAC83167-07C3-4686-9A00-2C6BB231D9A0}.Debug|STANDARDSDK_500 (x86).ActiveCfg = Debug|NetDCU9 (ARMV4I)
		{AAC83167-07C3-4686-9A00-2C6BB231D9A0}.Debug|Win32.ActiveCfg = Debug|NetDCU9 (ARMV4I)
		{AAC83167-07C3-4686-9A00-2C6BB231D9A0}.Debug|Windows Mobile 5.0 Pocket PC SDK (ARMV4I).ActiveCfg = Debug|NetDCU9 (ARMV4I)
		{AAC83167-07C3-4686-9A00-2C6BB231D9A0}.Debug|Windows Mobile 5.0 Smartphone SDK (ARMV4I).ActiveCfg = Debug|NetDCU9 (ARMV4I)
		{AAC83167-07C3-4686-9A00-2C6BB231D9A0}.Debug|Windows Mobile 6 Professional SDK (ARMV4I).ActiveCfg = Debug|NetDCU9 (ARMV4I)
		{AAC83167-07C3-4686-9A00-2C6BB231D9A0}.Debug|x64.ActiveCfg = Debug|NetDCU9 (ARMV4I)
		{AAC83167-07C3-4686-9A00-2C6BB231D9A0}.DLL-Import Debug|Mixed Platforms.ActiveCfg = Debug|NetDCU9 (ARMV4I)
		{AAC83167-07C3-4686-9A00-2C6BB231D9A0}.DLL-Import Debug|Mixed Platforms.Build.0 = Debug|NetDCU9 (ARMV4I)
		{AAC83167-07C3-4686-9A00-2C6BB231D9A0}.DLL-Import Debug|Mixed Platforms.Deploy.0 = Debug|NetDCU9 (ARMV4I)
		{AAC83167-07C3-4686-9A00-2C6BB231D9A0}.DLL-Import Debug|NetDCU10 (ARMV4I).ActiveCfg = Debug|NetDCU9 (ARMV4I)
		{AAC83167-07C3-4686-9A00-2C6BB231D9A0}.DLL-Import Debug|NetDCU8 (ARMV4I).ActiveCfg = Debug|NetDCU9 (ARMV4I)
		{AAC83167-07C3-4686-9A00-2C6BB231D9A0}.DLL-Import Debug|NetDCU9 (ARMV4I).ActiveCfg = Debug|NetDCU9 (ARMV4I)
		{AAC83167-07C3-4686-9A00-2C6BB231D9A0}.DLL-Import Debug|NetDCU9 (ARMV4I).Build.0 = Debug|NetDCU9 (ARMV4I)
		{AAC83167-07C3-4686-9A00-2C6BB231D9A0}.DLL-Import Debug|NetDCU9 (ARMV4I).Deploy.0 = Debug|NetDCU9 (ARMV4I)
		{AAC83167-07C3-4686-9A00-2C6BB231D9A0}.DLL-Import Debug|PicoMOD3 Core (ARMV4I).ActiveCfg = Debug|NetDCU9 (ARMV4I)
		{AAC83167-07C3-4686-9A00-2C6BB231D9A0}.DLL-Import Debug|Pocket PC 2003 (ARMV4).ActiveCfg = Debug|NetDCU9 (ARMV4I)
		{AAC83167-07C3-4686-9A00-2C6BB231D9A0}.DLL-Import Debug|Smartphone 2003 (ARMV4).ActiveCfg = Debug|NetDCU9 (ARMV4I)
		{AAC83167-07C3-4686-9A00-2C6BB231D9A0}.DLL-Import Debug|STANDARDSDK_500 (ARMV4I).ActiveCfg = Debug|NetDCU9 (ARMV4I)
		{AAC83167-07C3-4686-9A00-2C6BB231D9A0}.DLL-Import Debug|STANDARDSDK_500 (MIPSII).ActiveCfg = Debug|NetDCU9 (ARMV4I)
		{AAC83167-07C3-4686-9A00-2C6BB231D9A0}.DLL-Import Debug|STANDARDSDK_500 (MIPSII_FP).ActiveCfg = Debug|NetDCU9 (ARMV4I)
		{AAC83167-07C3-4686-9A00-2C6BB231D9A0}.DLL-Import Debug|STANDARDSDK_500 (MIPSIV).ActiveCfg = Debug|NetDCU9 (ARMV4I)
		{AAC83167-07C3-4686-9A00-2C6BB231D9A0}.DLL-Import Debug|STANDARDSDK_500 (MIPSIV_FP).ActiveCfg = Debug|NetDCU9 (ARMV4I)
		{AAC83167-07C3-4686-9A00-2C6BB231D9A0}.DLL-Import Debug|STANDARDSDK_500 (SH4).ActiveCfg = Debug|NetDCU9 (ARMV4I)
		{AAC83167-07C3-4686-9A00-2C6BB231D9A0}.DLL-Import Debug|STANDARDSDK_500 (x86).ActiveCfg = Debug|NetDCU9 (ARMV4I)
		{AAC83167-07C3-4686-9A00-2C6BB231D9A0}.DLL-Import Debug|Win32.ActiveCfg = Debug|NetDCU9 (ARMV4I)
		{AAC83167-07C3-4686-9A00-2C6BB231D9A0}.DLL-Import Debug|Windows Mobile 5.0 Pocket PC SDK (ARMV4I).ActiveCfg = Debug|NetDCU9 (ARMV4I)
		{AAC83167-07C3-4686-9A00-2C6BB231D9A0}.DLL-Import Debug|Windows Mobile 5.0 Smartphone SDK (ARMV4I).ActiveCfg = Debug|NetDCU9 (ARMV4I)
		{AAC83167-07C3-4686-9A00-2C6BB231D9A0}.DLL-Import Debug|Windows Mobile 6 Professional SDK (ARMV4I).ActiveCfg = Debug|NetDCU9 (ARMV4I)
		{AAC83167-07C3-4686-9A00-2C6BB231D9A0}.DLL-Import Debug|x64.ActiveCfg = Debug|NetDCU9 (ARMV4I)
		{AAC83167-07C3-4686-9A00-2C6BB231D9A0}.DLL-Import Release|Mixed Platforms.ActiveCfg = Release|NetDCU9 (ARMV4I)
		{AAC83167-07C3-4686-9A00-2C6BB231D9A0}.DLL-Import Release|Mixed Platforms.Build.0 = Release|NetDCU9 (ARMV4I)
		{AAC83167-07C3-4686-9A00-2C6BB231D9A0}.DLL-Import Release|Mixed Platforms.Deploy.0 = Release|NetDCU9 (ARMV4I)
		{AAC83167-07C3-4686-9A00-2C6BB231D9A0}.DLL-Import Release|NetDCU10 (ARMV4I).ActiveCfg = Release|NetDCU9 (ARMV4I)
		{AAC83167-07C3-4686-9A00-2C6BB231D9A0}.DLL-Import Release|NetDCU8 (ARMV4I).ActiveCfg = Release|NetDCU9 (ARMV4I)
		{AAC83167-07C3-4686-9A00-2C6BB231D9A0}.DLL-Import Release|NetDCU9 (ARMV4I).ActiveCfg = Release|NetDCU9 (ARMV4I)
		{AAC83167-07C3-4686-9A00-2C6BB231D9A0}.DLL-Import Release|NetDCU9 (ARMV4I).Build.0 = Release|NetDCU9 (ARMV4I)
		{AAC83167-07C3-4686-9A00-2C6BB231D9A0}.DLL-Import Release|NetDCU9 (ARMV4I).Deploy.0 = Release|NetDCU9 (ARMV4I)
		{AAC83167-07C3-4686-9A00-2C6BB231D9A0}.DLL-Import Release|PicoMOD3 Core (ARMV4I).ActiveCfg = Release|NetDCU9 (ARMV4I)
		{AAC83167-07C3-4686-9A00-2C6BB231D9A0}.DLL-Import Release|Pocket PC 2003 (ARMV4).ActiveCfg = Release|NetDCU9 (ARMV4I)
		{AAC83167-07C3-4686-9A00-2C6BB231D9A0}.DLL-Import Release|Smartphone 2003 (ARMV4).ActiveCfg = Release|NetDCU9 (ARMV4I)
		{AAC83167-07C3-4686-9A00-2C6BB231D9A0}.DLL-Import Release|STANDARDSDK_500 (ARMV4I).ActiveCfg = Release|NetDCU9 (ARMV4I)
		{AAC83167-07C3-4686-9A00-2C6BB231D9A0}.DLL-Import Release|STANDARDSDK_500 (MIPSII).ActiveCfg = Release|NetDCU9 (ARMV4I)
		{AAC83167-07C3-4686-9A00-2C6BB231D9A0}.DLL-Import Release|STANDARDSDK_500 (MIPSII_FP).ActiveCfg = Release|NetDCU9 (ARMV4I)
		{AAC83167-07C3-4686-9A00-2C6BB231D9A0}.DLL-Import Release|STANDARDSDK_500 (MIPSIV).ActiveCfg = Release|NetDCU9 (ARMV4I)
		{AAC83167-07C3-4686-9A00-2C6BB231D9A0}.DLL-Import Release|STANDARDSDK_500 (MIPSIV_FP).ActiveCfg = Release|NetDCU9 (ARMV4I)
		{AAC83167-07C3-4686-9A00-2C6BB231D9A0}.DLL-Import Release|STANDARDSDK_500 (SH4).ActiveCfg = Release|NetDCU9 (ARMV4I)
		{AAC83167-07C3-4686-9A00-2C6BB231D9A0}.DLL-Import Release|STANDARDSDK_500 (x86).ActiveCfg = Release|NetDCU9 (ARMV4I)
		{AAC83167-07C3-4686-9A00-2C6BB231D9A0}.DLL-Import Release|Win32.ActiveCfg = Release|NetDCU9 (ARMV4I)
		{AAC83167-07C3-4686-9A00-2C6BB231D9A0}.DLL-Import Release|Windows Mobile 5.0 Pocket PC SDK (ARMV4I).ActiveCfg = Release|NetDCU9 (ARMV4I)
		{AAC83167-07C3-4686-9A00-2C6BB231D9A0}.DLL-Import Release|Windows Mobile 5.0 Smartphone SDK (ARMV4I).ActiveCfg = Release|NetDCU9 (ARMV4I)
		{AAC83167-07C3-4686-9A00-2C6BB231D9A0}.DLL-Import Release|Windows Mobile 6 Professional SDK (ARMV4I).ActiveCfg = Release|NetDCU9 (ARMV4I)
		{AAC83167-07C3-4686-9A00-2C6BB231D9A0}.DLL-Import Release|x64.ActiveCfg = Release|NetDCU9 (ARMV4I)
		{AAC83167-07C3-4686-9A00-2C6BB231D9A0}.Release QTec|Mixed Platforms.ActiveCfg = Release|NetDCU9 (ARMV4I)
		{AAC83167-07C3-4686-9A00-2C6BB231D9A0}.Release QTec|Mixed Platforms.Build.0 = Release|NetDCU9 (ARMV4I)
		{AAC83167-07C3-4686-9A00-2C6BB231D9A0}.Release QTec|Mixed Platforms.Deploy.0 = Release|NetDCU9 (ARMV4I)
		{AAC83167-07C3-4686-9A00-2C6BB231D9A0}.Release QTec|NetDCU10 (ARMV4I).ActiveCfg = Release|NetDCU9 (ARMV4I)
		{AAC83167-07C3-4686-9A00-2C6BB231D9A0}.Release QTec|NetDCU8 (ARMV4I).ActiveCfg = Release|NetDCU9 (ARMV4I)
		{AAC83167-07C3-4686-9A00-2C6BB231D9A0}.Release QTec|NetDCU9 (ARMV4I).ActiveCfg = Release|NetDCU9 (ARMV4I)
		{AAC83167-07C3-4686-9A00-2C6BB231D9A0}.Release QTec|NetDCU9 (ARMV4I).Build.0 = Release|NetDCU9 (ARMV4I)
		{AAC83167-07C3-4686-9A00-2C6BB231D9A0}.Release QTec|NetDCU9 (ARMV4I).Deploy.0 = Release|NetDCU9 (ARMV4I)
		{AAC83167-07C3-4686-9A00-2C6BB231D9A0}.Release QTec|PicoMOD3 Core (ARMV4I).ActiveCfg = Release|NetDCU9 (ARMV4I)
		{AAC83167-07C3-4686-9A00-2C6BB231D9A0}.Release QTec|Pocket PC 2003 (ARMV4).ActiveCfg = Release|NetDCU9 (ARMV4I)
		{AAC83167-07C3-4686-9A00-2C6BB231D9A0}.Release QTec|Smartphone 2003 (ARMV4).ActiveCfg = Release|NetDCU9 (ARMV4I)
		{AAC83167-07C3-4686-9A00-2C6BB231D9A0}.Release QTec|STANDARDSDK_500 (ARMV4I).ActiveCfg = Release|NetDCU9 (ARMV4I)
		{AAC83167-07C3-4686-9A00-2C6BB231D9A0}.Release QTec|STANDARDSDK_500 (MIPSII).ActiveCfg = Release|NetDCU9 (ARMV4I)
		{AAC83167-07C3-4686-9A00-2C6BB231D9A0}.Release QTec|STANDARDSDK_500 (MIPSII_FP).ActiveCfg = Release|NetDCU9 (ARMV4I)
		{AAC83167-07C3-4686-9A00-2C6BB231D9A0}.Release QTec|STANDARDSDK_500 (MIPSIV).ActiveCfg = Release|NetDCU9 (ARMV4I)
		{AAC83167-07C3-4686-9A00-2C6BB231D9A0}.Release QTec|STANDARDSDK_500 (MIPSIV_FP).ActiveCfg = Release|NetDCU9 (ARMV4I)
		{AAC83167-07C3-4686-9A00-2C6BB231D9A0}.Release QTec|STANDARDSDK_500 (SH4).ActiveCfg = Release|NetDCU9 (ARMV4I)
		{AAC83167-07C3-4686-9A00-2C6BB231D9A0}.Release QTec|STANDARDSDK_500 (x86).ActiveCfg = Release|NetDCU9 (ARMV4I)
		{AAC83167-07C3-4686-9A00-2C6BB231D9A0}.Release QTec|Win32.ActiveCfg = Release|NetDCU9 (ARMV4I)
		{AAC83167-07C3-4686-9A00-2C6BB231D9A0}.Release QTec|Windows Mobile 5.0 Pocket PC SDK (ARMV4I).ActiveCfg = Release|NetDCU9 (ARMV4I)
		{AAC83167-07C3-4686-9A00-2C6BB231D9A0}.Release QTec|Windows Mobile 5.0 Smartphone SDK (ARMV4I).ActiveCfg = Release|NetDCU9 (ARMV4I)
		{AAC83167-07C3-4686-9A00-2C6BB231D9A0}.Release QTec|Windows Mobile 6 Professional SDK (ARMV4I).ActiveCfg = Release|NetDCU9 (ARMV4I)
		{AAC83167-07C3-4686-9A00-2C6BB231D9A0}.Release QTec|x64.ActiveCfg = Release|NetDCU9 (ARMV4I)
		{AAC83167-07C3-4686-9A00-2C6BB231D9A0}.Release Static|Mixed Platforms.ActiveCfg = Release|NetDCU9 (ARMV4I)
		{AAC83167-07C3-4686-9A00-2C6BB231D9A0}.Release Static|Mixed Platforms.Build.0 = Release|NetDCU9 (ARMV4I)
		{AAC83167-07C3-4686-9A00-2C6BB231D9A0}.Release Static|Mixed Platforms.Deploy.0 = Release|NetDCU9 (ARMV4I)
		{AAC83167-07C3-4686-9A00-2C6BB231D9A0}.Release Static|NetDCU10 (ARMV4I).ActiveCfg = Release|NetDCU9 (ARMV4I)
		{AAC83167-07C3-4686-9A00-2C6BB231D9A0}.Release Static|NetDCU8 (ARMV4I).ActiveCfg = Release|NetDCU9 (ARMV4I)
		{AAC83167-07C3-4686-9A00-2C6BB231D9A0}.Release Static|NetDCU9 (ARMV4I).ActiveCfg = Release|NetDCU9 (ARMV4I)
		{AAC83167-07C3-4686-9A00-2C6BB231D9A0}.Release Static|NetDCU9 (ARMV4I).Build.0 = Release|NetDCU9 (ARMV4I)
		{AAC83167-07C3-4686-9A00-2C6BB231D9A0}.Release Static|NetDCU9 (ARMV4I).Deploy.0 = Release|NetDCU9 (ARMV4I)
		{AAC83167-07C3-4686-9A00-2C6BB231D9A0}.Release Static|PicoMOD3 Core (ARMV4I).ActiveCfg = Release|NetDCU9 (ARMV4I)
		{AAC83167-07C3-4686-9A00-2C6BB231D9A0}.Release Static|Pocket PC 2003 (ARMV4).ActiveCfg = Release|NetDCU9 (ARMV4I)
		{AAC83167-07C3-4686-9A00-2C6BB231D9A0}.Release Static|Smartphone 2003 (ARMV4).ActiveCfg = Release|NetDCU9 (ARMV4I)
		{AAC83167-07C3-4686-9A00-2C6BB231D9A0}.Release Static|STANDARDSDK_500 (ARMV4I).ActiveCfg = Release|NetDCU9 (ARMV4I)
		{AAC83167-07C3-4686-9A00-2C6BB231D9A0}.Release Static|STANDARDSDK_500 (MIPSII).ActiveCfg = Release|NetDCU9 (ARMV4I)
		{AAC83167-07C3-4686-9A00-2C6BB231D9A0}.Release Static|STANDARDSDK_500 (MIPSII_FP).ActiveCfg = Release|NetDCU9 (ARMV4I)
		{AAC83167-07C3-4686-9A00-2C6BB231D9A0}.Release Static|STANDARDSDK_500 (MIPSIV).ActiveCfg = Release|NetDCU9 (ARMV4I)
		{AAC83167-07C3-4686-9A00-2C6BB231D9A0}.Release Static|STANDARDSDK_500 (MIPSIV_FP).ActiveCfg = Release|NetDCU9 (ARMV4I)
		{AAC83167-07C3-4686-9A00-2C6BB231D9A0}.Release Static|STANDARDSDK_500 (SH4).ActiveCfg = Release|NetDCU9 (ARMV4I)
		{AAC83167-07C3-4686-9A00-2C6BB231D9A0}.Release Static|STANDARDSDK_500 (x86).ActiveCfg = Release|NetDCU9 (ARMV4I)
		{AAC83167-07C3-4686-9A00-2C6BB231D9A0}.Release Static|Win32.ActiveCfg = Release|NetDCU9 (ARMV4I)
		{AAC83167-07C3-4686-9A00-2C6BB231D9A0}.Release Static|Windows Mobile 5.0 Pocket PC SDK (ARMV4I).ActiveCfg = Release|NetDCU9 (ARMV4I)
		{AAC83167-07C3-4686-9A00-2C6BB231D9A0}.Release Static|Windows Mobile 5.0 Smartphone SDK (ARMV4I).ActiveCfg = Release|NetDCU9 (ARMV4I)
		{AAC83167-07C3-4686-9A00-2C6BB231D9A0}.Release Static|Windows Mobile 6 Professional SDK (ARMV4I).ActiveCfg = Release|NetDCU9 (ARMV4I)
		{AAC83167-07C3-4686-9A00-2C6BB231D9A0}.Release Static|x64.ActiveCfg = Release|NetDCU9 (ARMV4I)
		{AAC83167-07C3-4686-9A00-2C6BB231D9A0}.Release|Mixed Platforms.ActiveCfg = Release|NetDCU9 (ARMV4I)
		{AAC83167-07C3-4686-9A00-2C6BB231D9A0}.Release|Mixed Platforms.Build.0 = Release|NetDCU9 (ARMV4I)
		{AAC83167-07C3-4686-9A00-2C6BB231D9A0}.Release|Mixed Platforms.Deploy.0 = Release|NetDCU9 (ARMV4I)
		{AAC83167-07C3-4686-9A00-2C6BB231D9A0}.Release|NetDCU10 (ARMV4I).ActiveCfg = Release|NetDCU9 (ARMV4I)
		{AAC83167-07C3-4686-9A00-2C6BB231D9A0}.Release|NetDCU8 (ARMV4I).ActiveCfg = Release|NetDCU9 (ARMV4I)
		{AAC83167-07C3-4686-9A00-2C6BB231D9A0}.Release|NetDCU9 (ARMV4I).ActiveCfg = Release|NetDCU9 (ARMV4I)
		{AAC83167-07C3-4686-9A00-2C6BB231D9A0}.Release|NetDCU9 (ARMV4I).Build.0 = Release|NetDCU9 (ARMV4I)
		{AAC83167-07C3-4686-9A00-2C6BB231D9A0}.Release|NetDCU9 (ARMV4I).Deploy.0 = Release|NetDCU9 (ARMV4I)
		{AAC83167-07C3-4686-9A00-2C6BB231D9A0}.Release|PicoMOD3 Core (ARMV4I).ActiveCfg = Release|NetDCU9 (ARMV4I)
		{AAC83167-07C3-4686-9A00-2C6BB231D9A0}.Release|Pocket PC 2003 (ARMV4).ActiveCfg = Release|NetDCU9 (ARMV4I)
		{AAC83167-07C3-4686-9A00-2C6BB231D9A0}.Release|Smartphone 2003 (ARMV4).ActiveCfg = Release|NetDCU9 (ARMV4I)
		{AAC83167-07C3-4686-9A00-2C6BB231D9A0}.Release|STANDARDSDK_500 (ARMV4I).ActiveCfg = Release|NetDCU9 (ARMV4I)
		{AAC83167-07C3-4686-9A00-2C6BB231D9A0}.Release|STANDARDSDK_500 (MIPSII).ActiveCfg = Release|NetDCU9 (ARMV4I)
		{AAC83167-07C3-4686-9A00-2C6BB231D9A0}.Release|STANDARDSDK_500 (MIPSII_FP).ActiveCfg = Release|NetDCU9 (ARMV4I)
		{AAC83167-07C3-4686-9A00-2C6BB231D9A0}.Release|STANDARDSDK_500 (MIPSIV).ActiveCfg = Release|NetDCU9 (ARMV4I)
		{AAC83167-07C3-4686-9A00-2C6BB231D9A0}.Release|STANDARDSDK_500 (MIPSIV_FP).ActiveCfg = Release|NetDCU9 (ARMV4I)
		{AAC83167-07C3-4686-9A00-2C6BB231D9A0}.Release|STANDARDSDK_500 (SH4).ActiveCfg = Release|NetDCU9 (ARMV4I)
		{AAC83167-07C3-4686-9A00-2C6BB231D9A0}.Release|STANDARDSDK_500 (x86).ActiveCfg = Release|NetDCU9 (ARMV4I)
		{AAC83167-07C3-4686-9A00-2C6BB231D9A0}.Release|Win32.ActiveCfg = Release|NetDCU9 (ARMV4I)
		{AAC83167-07C3-4686-9A00-2C6BB231D9A0}.Release|Windows Mobile 5.0 Pocket PC SDK (ARMV4I).ActiveCfg = Release|NetDCU9 (ARMV4I)
		{AAC83167-07C3-4686-9A00-2C6BB231D9A0}.Release|Windows Mobile 5.0 Smartphone SDK (ARMV4I).ActiveCfg = Release|NetDCU9 (ARMV4I)
		{AAC83167-07C3-4686-9A00-2C6BB231D9A0}.Release|Windows Mobile 6 Professional SDK (ARMV4I).ActiveCfg = Release|NetDCU9 (ARMV4I)
		{AAC83167-07C3-4686-9A00-2C6BB231D9A0}.Release|x64.ActiveCfg = Release|NetDCU9 (ARMV4I)
		{88FE10AC-7324-4DC5-A6CE-76A91740D4F0}.Debug Static|Mixed Platforms.ActiveCfg = Debug|Windows Mobile 5.0 Pocket PC SDK (ARMV4I)
		{88FE10AC-7324-4DC5-A6CE-76A91740D4F0}.Debug Static|Mixed Platforms.Build.0 = Debug|Windows Mobile 5.0 Pocket PC SDK (ARMV4I)
		{88FE10AC-7324-4DC5-A6CE-76A91740D4F0}.Debug Static|Mixed Platforms.Deploy.0 = Debug|Windows Mobile 5.0 Pocket PC SDK (ARMV4I)
		{88FE10AC-7324-4DC5-A6CE-76A91740D4F0}.Debug Static|NetDCU10 (ARMV4I).ActiveCfg = Debug|Windows Mobile 5.0 Pocket PC SDK (ARMV4I)
		{88FE10AC-7324-4DC5-A6CE-76A91740D4F0}.Debug Static|NetDCU8 (ARMV4I).ActiveCfg = Debug|Windows Mobile 5.0 Pocket PC SDK (ARMV4I)
		{88FE10AC-7324-4DC5-A6CE-76A91740D4F0}.Debug Static|NetDCU9 (ARMV4I).ActiveCfg = Debug|Windows Mobile 5.0 Pocket PC SDK (ARMV4I)
		{88FE10AC-7324-4DC5-A6CE-76A91740D4F0}.Debug Static|PicoMOD3 Core (ARMV4I).ActiveCfg = Debug|Windows Mobile 5.0 Pocket PC SDK (ARMV4I)
		{88FE10AC-7324-4DC5-A6CE-76A91740D4F0}.Debug Static|Pocket PC 2003 (ARMV4).ActiveCfg = Debug|Windows Mobile 5.0 Pocket PC SDK (ARMV4I)
		{88FE10AC-7324-4DC5-A6CE-76A91740D4F0}.Debug Static|Smartphone 2003 (ARMV4).ActiveCfg = Debug|Windows Mobile 5.0 Pocket PC SDK (ARMV4I)
		{88FE10AC-7324-4DC5-A6CE-76A91740D4F0}.Debug Static|STANDARDSDK_500 (ARMV4I).ActiveCfg = Debug|Windows Mobile 5.0 Pocket PC SDK (ARMV4I)
		{88FE10AC-7324-4DC5-A6CE-76A91740D4F0}.Debug Static|STANDARDSDK_500 (MIPSII).ActiveCfg = Debug|Windows Mobile 5.0 Pocket PC SDK (ARMV4I)
		{88FE10AC-7324-4DC5-A6CE-76A91740D4F0}.Debug Static|STANDARDSDK_500 (MIPSII_FP).ActiveCfg = Debug|Windows Mobile 5.0 Pocket PC SDK (ARMV4I)
		{88FE10AC-7324-4DC5-A6CE-76A91740D4F0}.Debug Static|STANDARDSDK_500 (MIPSIV).ActiveCfg = Debug|Windows Mobile 5.0 Pocket PC SDK (ARMV4I)
		{88FE10AC-7324-4DC5-A6CE-76A91740D4F0}.Debug Static|STANDARDSDK_500 (MIPSIV_FP).ActiveCfg = Debug|Windows Mobile 5.0 Pocket PC SDK (ARMV4I)
		{88FE10AC-7324-4DC5-A6CE-76A91740D4F0}.Debug Static|STANDARDSDK_500 (SH4).ActiveCfg = Debug|Windows Mobile 5.0 Pocket PC SDK (ARMV4I)
		{88FE10AC-7324-4DC5-A6CE-76A91740D4F0}.Debug Static|STANDARDSDK_500 (x86).ActiveCfg = Debug|Windows Mobile 5.0 Pocket PC SDK (ARMV4I)
		{88FE10AC-7324-4DC5-A6CE-76A91740D4F0}.Debug Static|Win32.ActiveCfg = Debug|Windows Mobile 5.0 Pocket PC SDK (ARMV4I)
		{88FE10AC-7324-4DC5-A6CE-76A91740D4F0}.Debug Static|Windows Mobile 5.0 Pocket PC SDK (ARMV4I).ActiveCfg = Debug|Windows Mobile 5.0 Pocket PC SDK (ARMV4I)
		{88FE10AC-7324-4DC5-A6CE-76A91740D4F0}.Debug Static|Windows Mobile 5.0 Pocket PC SDK (ARMV4I).Build.0 = Debug|Windows Mobile 5.0 Pocket PC SDK (ARMV4I)
		{88FE10AC-7324-4DC5-A6CE-76A91740D4F0}.Debug Static|Windows Mobile 5.0 Pocket PC SDK (ARMV4I).Deploy.0 = Debug|Windows Mobile 5.0 Pocket PC SDK (ARMV4I)
		{88FE10AC-7324-4DC5-A6CE-76A91740D4F0}.Debug Static|Windows Mobile 5.0 Smartphone SDK (ARMV4I).ActiveCfg = Debug|Windows Mobile 5.0 Pocket PC SDK (ARMV4I)
		{88FE10AC-7324-4DC5-A6CE-76A91740D4F0}.Debug Static|Windows Mobile 6 Professional SDK (ARMV4I).ActiveCfg = Debug|Windows Mobile 5.0 Pocket PC SDK (ARMV4I)
		{88FE10AC-7324-4DC5-A6CE-76A91740D4F0}.Debug Static|x64.ActiveCfg = Debug|Windows Mobile 5.0 Pocket PC SDK (ARMV4I)
		{88FE10AC-7324-4DC5-A6CE-76A91740D4F0}.Debug|Mixed Platforms.ActiveCfg = Debug|Windows Mobile 5.0 Pocket PC SDK (ARMV4I)
		{88FE10AC-7324-4DC5-A6CE-76A91740D4F0}.Debug|Mixed Platforms.Build.0 = Debug|Windows Mobile 5.0 Pocket PC SDK (ARMV4I)
		{88FE10AC-7324-4DC5-A6CE-76A91740D4F0}.Debug|Mixed Platforms.Deploy.0 = Debug|Windows Mobile 5.0 Pocket PC SDK (ARMV4I)
		{88FE10AC-7324-4DC5-A6CE-76A91740D4F0}.Debug|NetDCU10 (ARMV4I).ActiveCfg = Debug|NetDCU9 (ARMV4I)
		{88FE10AC-7324-4DC5-A6CE-76A91740D4F0}.Debug|NetDCU8 (ARMV4I).ActiveCfg = Debug|NetDCU9 (ARMV4I)
		{88FE10AC-7324-4DC5-A6CE-76A91740D4F0}.Debug|NetDCU9 (ARMV4I).ActiveCfg = Debug|NetDCU9 (ARMV4I)
		{88FE10AC-7324-4DC5-A6CE-76A91740D4F0}.Debug|NetDCU9 (ARMV4I).Build.0 = Debug|NetDCU9 (ARMV4I)
		{88FE10AC-7324-4DC5-A6CE-76A91740D4F0}.Debug|NetDCU9 (ARMV4I).Deploy.0 = Debug|NetDCU9 (ARMV4I)
		{88FE10AC-7324-4DC5-A6CE-76A91740D4F0}.Debug|PicoMOD3 Core (ARMV4I).ActiveCfg = Debug|Windows Mobile 5.0 Pocket PC SDK (ARMV4I)
		{88FE10AC-7324-4DC5-A6CE-76A91740D4F0}.Debug|Pocket PC 2003 (ARMV4).ActiveCfg = Debug|Windows Mobile 5.0 Pocket PC SDK (ARMV4I)
		{88FE10AC-7324-4DC5-A6CE-76A91740D4F0}.Debug|Smartphone 2003 (ARMV4).ActiveCfg = Debug|Windows Mobile 5.0 Pocket PC SDK (ARMV4I)
		{88FE10AC-7324-4DC5-A6CE-76A91740D4F0}.Debug|STANDARDSDK_500 (ARMV4I).ActiveCfg = Debug|Windows Mobile 5.0 Pocket PC SDK (ARMV4I)
		{88FE10AC-7324-4DC5-A6CE-76A91740D4F0}.Debug|STANDARDSDK_500 (MIPSII).ActiveCfg = Debug|Windows Mobile 5.0 Pocket PC SDK (ARMV4I)
		{88FE10AC-7324-4DC5-A6CE-76A91740D4F0}.Debug|STANDARDSDK_500 (MIPSII_FP).ActiveCfg = Debug|Windows Mobile 5.0 Pocket PC SDK (ARMV4I)
		{88FE10AC-7324-4DC5-A6CE-76A91740D4F0}.Debug|STANDARDSDK_500 (MIPSIV).ActiveCfg = Debug|Windows Mobile 5.0 Pocket PC SDK (ARMV4I)
		{88FE10AC-7324-4DC5-A6CE-76A91740D4F0}.Debug|STANDARDSDK_500 (MIPSIV_FP).ActiveCfg = Debug|Windows Mobile 5.0 Pocket PC SDK (ARMV4I)
		{88FE10AC-7324-4DC5-A6CE-76A91740D4F0}.Debug|STANDARDSDK_500 (SH4).ActiveCfg = Debug|Windows Mobile 5.0 Pocket PC SDK (ARMV4I)
		{88FE10AC-7324-4DC5-A6CE-76A91740D4F0}.Debug|STANDARDSDK_500 (x86).ActiveCfg = Debug|Windows Mobile 5.0 Pocket PC SDK (ARMV4I)
		{88FE10AC-7324-4DC5-A6CE-76A91740D4F0}.Debug|Win32.ActiveCfg = Debug|Windows Mobile 5.0 Pocket PC SDK (ARMV4I)
		{88FE10AC-7324-4DC5-A6CE-76A91740D4F0}.Debug|Windows Mobile 5.0 Pocket PC SDK (ARMV4I).ActiveCfg = Debug|Windows Mobile 5.0 Pocket PC SDK (ARMV4I)
		{88FE10AC-7324-4DC5-A6CE-76A91740D4F0}.Debug|Windows Mobile 5.0 Pocket PC SDK (ARMV4I).Build.0 = Debug|Windows Mobile 5.0 Pocket PC SDK (ARMV4I)
		{88FE10AC-7324-4DC5-A6CE-76A91740D4F0}.Debug|Windows Mobile 5.0 Pocket PC SDK (ARMV4I).Deploy.0 = Debug|Windows Mobile 5.0 Pocket PC SDK (ARMV4I)
		{88FE10AC-7324-4DC5-A6CE-76A91740D4F0}.Debug|Windows Mobile 5.0 Smartphone SDK (ARMV4I).ActiveCfg = Debug|Windows Mobile 5.0 Pocket PC SDK (ARMV4I)
		{88FE10AC-7324-4DC5-A6CE-76A91740D4F0}.Debug|Windows Mobile 6 Professional SDK (ARMV4I).ActiveCfg = Debug|Windows Mobile 5.0 Pocket PC SDK (ARMV4I)
		{88FE10AC-7324-4DC5-A6CE-76A91740D4F0}.Debug|x64.ActiveCfg = Debug|Windows Mobile 5.0 Pocket PC SDK (ARMV4I)
		{88FE10AC-7324-4DC5-A6CE-76A91740D4F0}.DLL-Import Debug|Mixed Platforms.ActiveCfg = Debug|Windows Mobile 5.0 Pocket PC SDK (ARMV4I)
		{88FE10AC-7324-4DC5-A6CE-76A91740D4F0}.DLL-Import Debug|Mixed Platforms.Build.0 = Debug|Windows Mobile 5.0 Pocket PC SDK (ARMV4I)
		{88FE10AC-7324-4DC5-A6CE-76A91740D4F0}.DLL-Import Debug|Mixed Platforms.Deploy.0 = Debug|Windows Mobile 5.0 Pocket PC SDK (ARMV4I)
		{88FE10AC-7324-4DC5-A6CE-76A91740D4F0}.DLL-Import Debug|NetDCU10 (ARMV4I).ActiveCfg = Debug|Windows Mobile 5.0 Pocket PC SDK (ARMV4I)
		{88FE10AC-7324-4DC5-A6CE-76A91740D4F0}.DLL-Import Debug|NetDCU8 (ARMV4I).ActiveCfg = Debug|Windows Mobile 5.0 Pocket PC SDK (ARMV4I)
		{88FE10AC-7324-4DC5-A6CE-76A91740D4F0}.DLL-Import Debug|NetDCU9 (ARMV4I).ActiveCfg = Debug|NetDCU9 (ARMV4I)
		{88FE10AC-7324-4DC5-A6CE-76A91740D4F0}.DLL-Import Debug|NetDCU9 (ARMV4I).Build.0 = Debug|NetDCU9 (ARMV4I)
		{88FE10AC-7324-4DC5-A6CE-76A91740D4F0}.DLL-Import Debug|NetDCU9 (ARMV4I).Deploy.0 = Debug|NetDCU9 (ARMV4I)
		{88FE10AC-7324-4DC5-A6CE-76A91740D4F0}.DLL-Import Debug|PicoMOD3 Core (ARMV4I).ActiveCfg = Debug|Windows Mobile 5.0 Pocket PC SDK (ARMV4I)
		{88FE10AC-7324-4DC5-A6CE-76A91740D4F0}.DLL-Import Debug|Pocket PC 2003 (ARMV4).ActiveCfg = Debug|Windows Mobile 5.0 Pocket PC SDK (ARMV4I)
		{88FE10AC-7324-4DC5-A6CE-76A91740D4F0}.DLL-Import Debug|Smartphone 2003 (ARMV4).ActiveCfg = Debug|Windows Mobile 5.0 Pocket PC SDK (ARMV4I)
		{88FE10AC-7324-4DC5-A6CE-76A91740D4F0}.DLL-Import Debug|STANDARDSDK_500 (ARMV4I).ActiveCfg = Debug|Windows Mobile 5.0 Pocket PC SDK (ARMV4I)
		{88FE10AC-7324-4DC5-A6CE-76A91740D4F0}.DLL-Import Debug|STANDARDSDK_500 (MIPSII).ActiveCfg = Debug|Windows Mobile 5.0 Pocket PC SDK (ARMV4I)
		{88FE10AC-7324-4DC5-A6CE-76A91740D4F0}.DLL-Import Debug|STANDARDSDK_500 (MIPSII_FP).ActiveCfg = Debug|Windows Mobile 5.0 Pocket PC SDK (ARMV4I)
		{88FE10AC-7324-4DC5-A6CE-76A91740D4F0}.DLL-Import Debug|STANDARDSDK_500 (MIPSIV).ActiveCfg = Debug|Windows Mobile 5.0 Pocket PC SDK (ARMV4I)
		{88FE10AC-7324-4DC5-A6CE-76A91740D4F0}.DLL-Import Debug|STANDARDSDK_500 (MIPSIV_FP).ActiveCfg = Debug|Windows Mobile 5.0 Pocket PC SDK (ARMV4I)
		{88FE10AC-7324-4DC5-A6CE-76A91740D4F0}.DLL-Import Debug|STANDARDSDK_500 (SH4).ActiveCfg = Debug|Windows Mobile 5.0 Pocket PC SDK (ARMV4I)
		{88FE10AC-7324-4DC5-A6CE-76A91740D4F0}.DLL-Import Debug|STANDARDSDK_500 (x86).ActiveCfg = Debug|Windows Mobile 5.0 Pocket PC SDK (ARMV4I)
		{88FE10AC-7324-4DC5-A6CE-76A91740D4F0}.DLL-Import Debug|Win32.ActiveCfg = Debug|Windows Mobile 5.0 Pocket PC SDK (ARMV4I)
		{88FE10AC-7324-4DC5-A6CE-76A91740D4F0}.DLL-Import Debug|Windows Mobile 5.0 Pocket PC SDK (ARMV4I).ActiveCfg = Debug|Windows Mobile 5.0 Pocket PC SDK (ARMV4I)
		{88FE10AC-7324-4DC5-A6CE-76A91740D4F0}.DLL-Import Debug|Windows Mobile 5.0 Pocket PC SDK (ARMV4I).Build.0 = Debug|Windows Mobile 5.0 Pocket PC SDK (ARMV4I)
		{88FE10AC-7324-4DC5-A6CE-76A91740D4F0}.DLL-Import Debug|Windows Mobile 5.0 Pocket PC SDK (ARMV4I).Deploy.0 = Debug|Windows Mobile 5.0 Pocket PC SDK (ARMV4I)
		{88FE10AC-7324-4DC5-A6CE-76A91740D4F0}.DLL-Import Debug|Windows Mobile 5.0 Smartphone SDK (ARMV4I).ActiveCfg = Debug|Windows Mobile 5.0 Pocket PC SDK (ARMV4I)
		{88FE10AC-7324-4DC5-A6CE-76A91740D4F0}.DLL-Import Debug|Windows Mobile 6 Professional SDK (ARMV4I).ActiveCfg = Debug|Windows Mobile 5.0 Pocket PC SDK (ARMV4I)
		{88FE10AC-7324-4DC5-A6CE-76A91740D4F0}.DLL-Import Debug|x64.ActiveCfg = Debug|Windows Mobile 5.0 Pocket PC SDK (ARMV4I)
		{88FE10AC-7324-4DC5-A6CE-76A91740D4F0}.DLL-Import Release|Mixed Platforms.ActiveCfg = Release|Windows Mobile 5.0 Pocket PC SDK (ARMV4I)
		{88FE10AC-7324-4DC5-A6CE-76A91740D4F0}.DLL-Import Release|Mixed Platforms.Build.0 = Release|Windows Mobile 5.0 Pocket PC SDK (ARMV4I)
		{88FE10AC-7324-4DC5-A6CE-76A91740D4F0}.DLL-Import Release|Mixed Platforms.Deploy.0 = Release|Windows Mobile 5.0 Pocket PC SDK (ARMV4I)
		{88FE10AC-7324-4DC5-A6CE-76A91740D4F0}.DLL-Import Release|NetDCU10 (ARMV4I).ActiveCfg = Release|Windows Mobile 5.0 Pocket PC SDK (ARMV4I)
		{88FE10AC-7324-4DC5-A6CE-76A91740D4F0}.DLL-Import Release|NetDCU8 (ARMV4I).ActiveCfg = Release|Windows Mobile 5.0 Pocket PC SDK (ARMV4I)
		{88FE10AC-7324-4DC5-A6CE-76A91740D4F0}.DLL-Import Release|NetDCU9 (ARMV4I).ActiveCfg = Release|NetDCU9 (ARMV4I)
		{88FE10AC-7324-4DC5-A6CE-76A91740D4F0}.DLL-Import Release|NetDCU9 (ARMV4I).Build.0 = Release|NetDCU9 (ARMV4I)
		{88FE10AC-7324-4DC5-A6CE-76A91740D4F0}.DLL-Import Release|NetDCU9 (ARMV4I).Deploy.0 = Release|NetDCU9 (ARMV4I)
		{88FE10AC-7324-4DC5-A6CE-76A91740D4F0}.DLL-Import Release|PicoMOD3 Core (ARMV4I).ActiveCfg = Release|Windows Mobile 5.0 Pocket PC SDK (ARMV4I)
		{88FE10AC-7324-4DC5-A6CE-76A91740D4F0}.DLL-Import Release|Pocket PC 2003 (ARMV4).ActiveCfg = Release|Windows Mobile 5.0 Pocket PC SDK (ARMV4I)
		{88FE10AC-7324-4DC5-A6CE-76A91740D4F0}.DLL-Import Release|Smartphone 2003 (ARMV4).ActiveCfg = Release|Windows Mobile 5.0 Pocket PC SDK (ARMV4I)
		{88FE10AC-7324-4DC5-A6CE-76A91740D4F0}.DLL-Import Release|STANDARDSDK_500 (ARMV4I).ActiveCfg = Release|Windows Mobile 5.0 Pocket PC SDK (ARMV4I)
		{88FE10AC-7324-4DC5-A6CE-76A91740D4F0}.DLL-Import Release|STANDARDSDK_500 (MIPSII).ActiveCfg = Release|Windows Mobile 5.0 Pocket PC SDK (ARMV4I)
		{88FE10AC-7324-4DC5-A6CE-76A91740D4F0}.DLL-Import Release|STANDARDSDK_500 (MIPSII_FP).ActiveCfg = Release|Windows Mobile 5.0 Pocket PC SDK (ARMV4I)
		{88FE10AC-7324-4DC5-A6CE-76A91740D4F0}.DLL-Import Release|STANDARDSDK_500 (MIPSIV).ActiveCfg = Release|Windows Mobile 5.0 Pocket PC SDK (ARMV4I)
		{88FE10AC-7324-4DC5-A6CE-76A91740D4F0}.DLL-Import Release|STANDARDSDK_500 (MIPSIV_FP).ActiveCfg = Release|Windows Mobile 5.0 Pocket PC SDK (ARMV4I)
		{88FE10AC-7324-4DC5-A6CE-76A91740D4F0}.DLL-Import Release|STANDARDSDK_500 (SH4).ActiveCfg = Release|Windows Mobile 5.0 Pocket PC SDK (ARMV4I)
		{88FE10AC-7324-4DC5-A6CE-76A91740D4F0}.DLL-Import Release|STANDARDSDK_500 (x86).ActiveCfg = Release|Windows Mobile 5.0 Pocket PC SDK (ARMV4I)
		{88FE10AC-7324-4DC5-A6CE-76A91740D4F0}.DLL-Import Release|Win32.ActiveCfg = Release|Windows Mobile 5.0 Pocket PC SDK (ARMV4I)
		{88FE10AC-7324-4DC5-A6CE-76A91740D4F0}.DLL-Import Release|Windows Mobile 5.0 Pocket PC SDK (ARMV4I).ActiveCfg = Release|Windows Mobile 5.0 Pocket PC SDK (ARMV4I)
		{88FE10AC-7324-4DC5-A6CE-76A91740D4F0}.DLL-Import Release|Windows Mobile 5.0 Pocket PC SDK (ARMV4I).Build.0 = Release|Windows Mobile 5.0 Pocket PC SDK (ARMV4I)
		{88FE10AC-7324-4DC5-A6CE-76A91740D4F0}.DLL-Import Release|Windows Mobile 5.0 Pocket PC SDK (ARMV4I).Deploy.0 = Release|Windows Mobile 5.0 Pocket PC SDK (ARMV4I)
		{88FE10AC-7324-4DC5-A6CE-76A91740D4F0}.DLL-Import Release|Windows Mobile 5.0 Smartphone SDK (ARMV4I).ActiveCfg = Release|Windows Mobile 5.0 Pocket PC SDK (ARMV4I)
		{88FE10AC-7324-4DC5-A6CE-76A91740D4F0}.DLL-Import Release|Windows Mobile 6 Professional SDK (ARMV4I).ActiveCfg = Release|Windows Mobile 5.0 Pocket PC SDK (ARMV4I)
		{88FE10AC-7324-4DC5-A6CE-76A91740D4F0}.DLL-Import Release|x64.ActiveCfg = Release|Windows Mobile 5.0 Pocket PC SDK (ARMV4I)
		{88FE10AC-7324-4DC5-A6CE-76A91740D4F0}.Release QTec|Mixed Platforms.ActiveCfg = Release|Windows Mobile 5.0 Pocket PC SDK (ARMV4I)
		{88FE10AC-7324-4DC5-A6CE-76A91740D4F0}.Release QTec|Mixed Platforms.Build.0 = Release|Windows Mobile 5.0 Pocket PC SDK (ARMV4I)
		{88FE10AC-7324-4DC5-A6CE-76A91740D4F0}.Release QTec|Mixed Platforms.Deploy.0 = Release|Windows Mobile 5.0 Pocket PC SDK (ARMV4I)
		{88FE10AC-7324-4DC5-A6CE-76A91740D4F0}.Release QTec|NetDCU10 (ARMV4I).ActiveCfg = Release|Windows Mobile 5.0 Pocket PC SDK (ARMV4I)
		{88FE10AC-7324-4DC5-A6CE-76A91740D4F0}.Release QTec|NetDCU8 (ARMV4I).ActiveCfg = Release|Windows Mobile 5.0 Pocket PC SDK (ARMV4I)
		{88FE10AC-7324-4DC5-A6CE-76A91740D4F0}.Release QTec|NetDCU9 (ARMV4I).ActiveCfg = Release|Windows Mobile 5.0 Pocket PC SDK (ARMV4I)
		{88FE10AC-7324-4DC5-A6CE-76A91740D4F0}.Release QTec|PicoMOD3 Core (ARMV4I).ActiveCfg = Release|Windows Mobile 5.0 Pocket PC SDK (ARMV4I)
		{88FE10AC-7324-4DC5-A6CE-76A91740D4F0}.Release QTec|Pocket PC 2003 (ARMV4).ActiveCfg = Release|Windows Mobile 5.0 Pocket PC SDK (ARMV4I)
		{88FE10AC-7324-4DC5-A6CE-76A91740D4F0}.Release QTec|Smartphone 2003 (ARMV4).ActiveCfg = Release|Windows Mobile 5.0 Pocket PC SDK (ARMV4I)
		{88FE10AC-7324-4DC5-A6CE-76A91740D4F0}.Release QTec|STANDARDSDK_500 (ARMV4I).ActiveCfg = Release|Windows Mobile 5.0 Pocket PC SDK (ARMV4I)
		{88FE10AC-7324-4DC5-A6CE-76A91740D4F0}.Release QTec|STANDARDSDK_500 (MIPSII).ActiveCfg = Release|Windows Mobile 5.0 Pocket PC SDK (ARMV4I)
		{88FE10AC-7324-4DC5-A6CE-76A91740D4F0}.Release QTec|STANDARDSDK_500 (MIPSII_FP).ActiveCfg = Release|Windows Mobile 5.0 Pocket PC SDK (ARMV4I)
		{88FE10AC-7324-4DC5-A6CE-76A91740D4F0}.Release QTec|STANDARDSDK_500 (MIPSIV).ActiveCfg = Release|Windows Mobile 5.0 Pocket PC SDK (ARMV4I)
		{88FE10AC-7324-4DC5-A6CE-76A91740D4F0}.Release QTec|STANDARDSDK_500 (MIPSIV_FP).ActiveCfg = Release|Windows Mobile 5.0 Pocket PC SDK (ARMV4I)
		{88FE10AC-7324-4DC5-A6CE-76A91740D4F0}.Release QTec|STANDARDSDK_500 (SH4).ActiveCfg = Release|Windows Mobile 5.0 Pocket PC SDK (ARMV4I)
		{88FE10AC-7324-4DC5-A6CE-76A91740D4F0}.Release QTec|STANDARDSDK_500 (x86).ActiveCfg = Release|Windows Mobile 5.0 Pocket PC SDK (ARMV4I)
		{88FE10AC-7324-4DC5-A6CE-76A91740D4F0}.Release QTec|Win32.ActiveCfg = Release|Windows Mobile 5.0 Pocket PC SDK (ARMV4I)
		{88FE10AC-7324-4DC5-A6CE-76A91740D4F0}.Release QTec|Windows Mobile 5.0 Pocket PC SDK (ARMV4I).ActiveCfg = Release|Windows Mobile 5.0 Pocket PC SDK (ARMV4I)
		{88FE10AC-7324-4DC5-A6CE-76A91740D4F0}.Release QTec|Windows Mobile 5.0 Pocket PC SDK (ARMV4I).Build.0 = Release|Windows Mobile 5.0 Pocket PC SDK (ARMV4I)
		{88FE10AC-7324-4DC5-A6CE-76A91740D4F0}.Release QTec|Windows Mobile 5.0 Pocket PC SDK (ARMV4I).Deploy.0 = Release|Windows Mobile 5.0 Pocket PC SDK (ARMV4I)
		{88FE10AC-7324-4DC5-A6CE-76A91740D4F0}.Release QTec|Windows Mobile 5.0 Smartphone SDK (ARMV4I).ActiveCfg = Release|Windows Mobile 5.0 Pocket PC SDK (ARMV4I)
		{88FE10AC-7324-4DC5-A6CE-76A91740D4F0}.Release QTec|Windows Mobile 6 Professional SDK (ARMV4I).ActiveCfg = Release|Windows Mobile 5.0 Pocket PC SDK (ARMV4I)
		{88FE10AC-7324-4DC5-A6CE-76A91740D4F0}.Release QTec|x64.ActiveCfg = Release|Windows Mobile 5.0 Pocket PC SDK (ARMV4I)
		{88FE10AC-7324-4DC5-A6CE-76A91740D4F0}.Release Static|Mixed Platforms.ActiveCfg = Release|Windows Mobile 5.0 Pocket PC SDK (ARMV4I)
		{88FE10AC-7324-4DC5-A6CE-76A91740D4F0}.Release Static|Mixed Platforms.Build.0 = Release|Windows Mobile 5.0 Pocket PC SDK (ARMV4I)
		{88FE10AC-7324-4DC5-A6CE-76A91740D4F0}.Release Static|Mixed Platforms.Deploy.0 = Release|Windows Mobile 5.0 Pocket PC SDK (ARMV4I)
		{88FE10AC-7324-4DC5-A6CE-76A91740D4F0}.Release Static|NetDCU10 (ARMV4I).ActiveCfg = Release|Windows Mobile 5.0 Pocket PC SDK (ARMV4I)
		{88FE10AC-7324-4DC5-A6CE-76A91740D4F0}.Release Static|NetDCU8 (ARMV4I).ActiveCfg = Release|Windows Mobile 5.0 Pocket PC SDK (ARMV4I)
		{88FE10AC-7324-4DC5-A6CE-76A91740D4F0}.Release Static|NetDCU9 (ARMV4I).ActiveCfg = Release|Windows Mobile 5.0 Pocket PC SDK (ARMV4I)
		{88FE10AC-7324-4DC5-A6CE-76A91740D4F0}.Release Static|PicoMOD3 Core (ARMV4I).ActiveCfg = Release|Windows Mobile 5.0 Pocket PC SDK (ARMV4I)
		{88FE10AC-7324-4DC5-A6CE-76A91740D4F0}.Release Static|Pocket PC 2003 (ARMV4).ActiveCfg = Release|Windows Mobile 5.0 Pocket PC SDK (ARMV4I)
		{88FE10AC-7324-4DC5-A6CE-76A91740D4F0}.Release Static|Smartphone 2003 (ARMV4).ActiveCfg = Release|Windows Mobile 5.0 Pocket PC SDK (ARMV4I)
		{88FE10AC-7324-4DC5-A6CE-76A91740D4F0}.Release Static|STANDARDSDK_500 (ARMV4I).ActiveCfg = Release|Windows Mobile 5.0 Pocket PC SDK (ARMV4I)
		{88FE10AC-7324-4DC5-A6CE-76A91740D4F0}.Release Static|STANDARDSDK_500 (MIPSII).ActiveCfg = Release|Windows Mobile 5.0 Pocket PC SDK (ARMV4I)
		{88FE10AC-7324-4DC5-A6CE-76A91740D4F0}.Release Static|STANDARDSDK_500 (MIPSII_FP).ActiveCfg = Release|Windows Mobile 5.0 Pocket PC SDK (ARMV4I)
		{88FE10AC-7324-4DC5-A6CE-76A91740D4F0}.Release Static|STANDARDSDK_500 (MIPSIV).ActiveCfg = Release|Windows Mobile 5.0 Pocket PC SDK (ARMV4I)
		{88FE10AC-7324-4DC5-A6CE-76A91740D4F0}.Release Static|STANDARDSDK_500 (MIPSIV_FP).ActiveCfg = Release|Windows Mobile 5.0 Pocket PC SDK (ARMV4I)
		{88FE10AC-7324-4DC5-A6CE-76A91740D4F0}.Release Static|STANDARDSDK_500 (SH4).ActiveCfg = Release|Windows Mobile 5.0 Pocket PC SDK (ARMV4I)
		{88FE10AC-7324-4DC5-A6CE-76A91740D4F0}.Release Static|STANDARDSDK_500 (x86).ActiveCfg = Release|Windows Mobile 5.0 Pocket PC SDK (ARMV4I)
		{88FE10AC-7324-4DC5-A6CE-76A91740D4F0}.Release Static|Win32.ActiveCfg = Release|Windows Mobile 5.0 Pocket PC SDK (ARMV4I)
		{88FE10AC-7324-4DC5-A6CE-76A91740D4F0}.Release Static|Windows Mobile 5.0 Pocket PC SDK (ARMV4I).ActiveCfg = Release|Windows Mobile 5.0 Pocket PC SDK (ARMV4I)
		{88FE10AC-7324-4DC5-A6CE-76A91740D4F0}.Release Static|Windows Mobile 5.0 Pocket PC SDK (ARMV4I).Build.0 = Release|Windows Mobile 5.0 Pocket PC SDK (ARMV4I)
		{88FE10AC-7324-4DC5-A6CE-76A91740D4F0}.Release Static|Windows Mobile 5.0 Pocket PC SDK (ARMV4I).Deploy.0 = Release|Windows Mobile 5.0 Pocket PC SDK (ARMV4I)
		{88FE10AC-7324-4DC5-A6CE-76A91740D4F0}.Release Static|Windows Mobile 5.0 Smartphone SDK (ARMV4I).ActiveCfg = Release|Windows Mobile 5.0 Pocket PC SDK (ARMV4I)
		{88FE10AC-7324-4DC5-A6CE-76A91740D4F0}.Release Static|Windows Mobile 6 Professional SDK (ARMV4I).ActiveCfg = Release|Windows Mobile 5.0 Pocket PC SDK (ARMV4I)
		{88FE10AC-7324-4DC5-A6CE-76A91740D4F0}.Release Static|x64.ActiveCfg = Release|Windows Mobile 5.0 Pocket PC SDK (ARMV4I)
		{88FE10AC-7324-4DC5-A6CE-76A91740D4F0}.Release|Mixed Platforms.ActiveCfg = Release|Windows Mobile 5.0 Pocket PC SDK (ARMV4I)
		{88FE10AC-7324-4DC5-A6CE-76A91740D4F0}.Release|Mixed Platforms.Build.0 = Release|Windows Mobile 5.0 Pocket PC SDK (ARMV4I)
		{88FE10AC-7324-4DC5-A6CE-76A91740D4F0}.Release|Mixed Platforms.Deploy.0 = Release|Windows Mobile 5.0 Pocket PC SDK (ARMV4I)
		{88FE10AC-7324-4DC5-A6CE-76A91740D4F0}.Release|NetDCU10 (ARMV4I).ActiveCfg = Release|NetDCU9 (ARMV4I)
		{88FE10AC-7324-4DC5-A6CE-76A91740D4F0}.Release|NetDCU8 (ARMV4I).ActiveCfg = Release|NetDCU9 (ARMV4I)
		{88FE10AC-7324-4DC5-A6CE-76A91740D4F0}.Release|NetDCU9 (ARMV4I).ActiveCfg = Release|NetDCU9 (ARMV4I)
		{88FE10AC-7324-4DC5-A6CE-76A91740D4F0}.Release|NetDCU9 (ARMV4I).Build.0 = Release|NetDCU9 (ARMV4I)
		{88FE10AC-7324-4DC5-A6CE-76A91740D4F0}.Release|NetDCU9 (ARMV4I).Deploy.0 = Release|NetDCU9 (ARMV4I)
		{88FE10AC-7324-4DC5-A6CE-76A91740D4F0}.Release|PicoMOD3 Core (ARMV4I).ActiveCfg = Release|Windows Mobile 5.0 Pocket PC SDK (ARMV4I)
		{88FE10AC-7324-4DC5-A6CE-76A91740D4F0}.Release|Pocket PC 2003 (ARMV4).ActiveCfg = Release|Windows Mobile 5.0 Pocket PC SDK (ARMV4I)
		{88FE10AC-7324-4DC5-A6CE-76A91740D4F0}.Release|Smartphone 2003 (ARMV4).ActiveCfg = Release|Windows Mobile 5.0 Pocket PC SDK (ARMV4I)
		{88FE10AC-7324-4DC5-A6CE-76A91740D4F0}.Release|STANDARDSDK_500 (ARMV4I).ActiveCfg = Release|Windows Mobile 5.0 Pocket PC SDK (ARMV4I)
		{88FE10AC-7324-4DC5-A6CE-76A91740D4F0}.Release|STANDARDSDK_500 (MIPSII).ActiveCfg = Release|Windows Mobile 5.0 Pocket PC SDK (ARMV4I)
		{88FE10AC-7324-4DC5-A6CE-76A91740D4F0}.Release|STANDARDSDK_500 (MIPSII_FP).ActiveCfg = Release|Windows Mobile 5.0 Pocket PC SDK (ARMV4I)
		{88FE10AC-7324-4DC5-A6CE-76A91740D4F0}.Release|STANDARDSDK_500 (MIPSIV).ActiveCfg = Release|Windows Mobile 5.0 Pocket PC SDK (ARMV4I)
		{88FE10AC-7324-4DC5-A6CE-76A91740D4F0}.Release|STANDARDSDK_500 (MIPSIV_FP).ActiveCfg = Release|Windows Mobile 5.0 Pocket PC SDK (ARMV4I)
		{88FE10AC-7324-4DC5-A6CE-76A91740D4F0}.Release|STANDARDSDK_500 (SH4).ActiveCfg = Release|Windows Mobile 5.0 Pocket PC SDK (ARMV4I)
		{88FE10AC-7324-4DC5-A6CE-76A91740D4F0}.Release|STANDARDSDK_500 (x86).ActiveCfg = Release|Windows Mobile 5.0 Pocket PC SDK (ARMV4I)
		{88FE10AC-7324-4DC5-A6CE-76A91740D4F0}.Release|Win32.ActiveCfg = Release|Windows Mobile 5.0 Pocket PC SDK (ARMV4I)
		{88FE10AC-7324-4DC5-A6CE-76A91740D4F0}.Release|Windows Mobile 5.0 Pocket PC SDK (ARMV4I).ActiveCfg = Release|Windows Mobile 5.0 Pocket PC SDK (ARMV4I)
		{88FE10AC-7324-4DC5-A6CE-76A91740D4F0}.Release|Windows Mobile 5.0 Pocket PC SDK (ARMV4I).Build.0 = Release|Windows Mobile 5.0 Pocket PC SDK (ARMV4I)
		{88FE10AC-7324-4DC5-A6CE-76A91740D4F0}.Release|Windows Mobile 5.0 Pocket PC SDK (ARMV4I).Deploy.0 = Release|Windows Mobile 5.0 Pocket PC SDK (ARMV4I)
		{88FE10AC-7324-4DC5-A6CE-76A91740D4F0}.Release|Windows Mobile 5.0 Smartphone SDK (ARMV4I).ActiveCfg = Release|Windows Mobile 5.0 Pocket PC SDK (ARMV4I)
		{88FE10AC-7324-4DC5-A6CE-76A91740D4F0}.Release|Windows Mobile 6 Professional SDK (ARMV4I).ActiveCfg = Release|Windows Mobile 5.0 Pocket PC SDK (ARMV4I)
		{88FE10AC-7324-4DC5-A6CE-76A91740D4F0}.Release|x64.ActiveCfg = Release|Windows Mobile 5.0 Pocket PC SDK (ARMV4I)
		{668C4D0B-35FC-4CC2-AF0F-A78D6DDB2929}.Debug Static|Mixed Platforms.ActiveCfg = Debug|NetDCU9 (ARMV4I)
		{668C4D0B-35FC-4CC2-AF0F-A78D6DDB2929}.Debug Static|Mixed Platforms.Build.0 = Debug|NetDCU9 (ARMV4I)
		{668C4D0B-35FC-4CC2-AF0F-A78D6DDB2929}.Debug Static|Mixed Platforms.Deploy.0 = Debug|NetDCU9 (ARMV4I)
		{668C4D0B-35FC-4CC2-AF0F-A78D6DDB2929}.Debug Static|NetDCU10 (ARMV4I).ActiveCfg = Debug|NetDCU9 (ARMV4I)
		{668C4D0B-35FC-4CC2-AF0F-A78D6DDB2929}.Debug Static|NetDCU8 (ARMV4I).ActiveCfg = Debug|NetDCU9 (ARMV4I)
		{668C4D0B-35FC-4CC2-AF0F-A78D6DDB2929}.Debug Static|NetDCU9 (ARMV4I).ActiveCfg = Debug|NetDCU9 (ARMV4I)
		{668C4D0B-35FC-4CC2-AF0F-A78D6DDB2929}.Debug Static|NetDCU9 (ARMV4I).Build.0 = Debug|NetDCU9 (ARMV4I)
		{668C4D0B-35FC-4CC2-AF0F-A78D6DDB2929}.Debug Static|NetDCU9 (ARMV4I).Deploy.0 = Debug|NetDCU9 (ARMV4I)
		{668C4D0B-35FC-4CC2-AF0F-A78D6DDB2929}.Debug Static|PicoMOD3 Core (ARMV4I).ActiveCfg = Debug|NetDCU9 (ARMV4I)
		{668C4D0B-35FC-4CC2-AF0F-A78D6DDB2929}.Debug Static|Pocket PC 2003 (ARMV4).ActiveCfg = Debug|NetDCU9 (ARMV4I)
		{668C4D0B-35FC-4CC2-AF0F-A78D6DDB2929}.Debug Static|Smartphone 2003 (ARMV4).ActiveCfg = Debug|NetDCU9 (ARMV4I)
		{668C4D0B-35FC-4CC2-AF0F-A78D6DDB2929}.Debug Static|STANDARDSDK_500 (ARMV4I).ActiveCfg = Debug|NetDCU9 (ARMV4I)
		{668C4D0B-35FC-4CC2-AF0F-A78D6DDB2929}.Debug Static|STANDARDSDK_500 (MIPSII).ActiveCfg = Debug|NetDCU9 (ARMV4I)
		{668C4D0B-35FC-4CC2-AF0F-A78D6DDB2929}.Debug Static|STANDARDSDK_500 (MIPSII_FP).ActiveCfg = Debug|NetDCU9 (ARMV4I)
		{668C4D0B-35FC-4CC2-AF0F-A78D6DDB2929}.Debug Static|STANDARDSDK_500 (MIPSIV).ActiveCfg = Debug|NetDCU9 (ARMV4I)
		{668C4D0B-35FC-4CC2-AF0F-A78D6DDB2929}.Debug Static|STANDARDSDK_500 (MIPSIV_FP).ActiveCfg = Debug|NetDCU9 (ARMV4I)
		{668C4D0B-35FC-4CC2-AF0F-A78D6DDB2929}.Debug Static|STANDARDSDK_500 (SH4).ActiveCfg = Debug|NetDCU9 (ARMV4I)
		{668C4D0B-35FC-4CC2-AF0F-A78D6DDB2929}.Debug Static|STANDARDSDK_500 (x86).ActiveCfg = Debug|NetDCU9 (ARMV4I)
		{668C4D0B-35FC-4CC2-AF0F-A78D6DDB2929}.Debug Static|Win32.ActiveCfg = Debug|NetDCU9 (ARMV4I)
		{668C4D0B-35FC-4CC2-AF0F-A78D6DDB2929}.Debug Static|Windows Mobile 5.0 Pocket PC SDK (ARMV4I).ActiveCfg = Debug|NetDCU9 (ARMV4I)
		{668C4D0B-35FC-4CC2-AF0F-A78D6DDB2929}.Debug Static|Windows Mobile 5.0 Smartphone SDK (ARMV4I).ActiveCfg = Debug|NetDCU9 (ARMV4I)
		{668C4D0B-35FC-4CC2-AF0F-A78D6DDB2929}.Debug Static|Windows Mobile 6 Professional SDK (ARMV4I).ActiveCfg = Debug|NetDCU9 (ARMV4I)
		{668C4D0B-35FC-4CC2-AF0F-A78D6DDB2929}.Debug Static|x64.ActiveCfg = Debug|NetDCU9 (ARMV4I)
		{668C4D0B-35FC-4CC2-AF0F-A78D6DDB2929}.Debug|Mixed Platforms.ActiveCfg = Debug|NetDCU9 (ARMV4I)
		{668C4D0B-35FC-4CC2-AF0F-A78D6DDB2929}.Debug|Mixed Platforms.Build.0 = Debug|NetDCU9 (ARMV4I)
		{668C4D0B-35FC-4CC2-AF0F-A78D6DDB2929}.Debug|Mixed Platforms.Deploy.0 = Debug|NetDCU9 (ARMV4I)
		{668C4D0B-35FC-4CC2-AF0F-A78D6DDB2929}.Debug|NetDCU10 (ARMV4I).ActiveCfg = Debug|NetDCU9 (ARMV4I)
		{668C4D0B-35FC-4CC2-AF0F-A78D6DDB2929}.Debug|NetDCU8 (ARMV4I).ActiveCfg = Debug|NetDCU9 (ARMV4I)
		{668C4D0B-35FC-4CC2-AF0F-A78D6DDB2929}.Debug|NetDCU9 (ARMV4I).ActiveCfg = Debug|NetDCU9 (ARMV4I)
		{668C4D0B-35FC-4CC2-AF0F-A78D6DDB2929}.Debug|NetDCU9 (ARMV4I).Build.0 = Debug|NetDCU9 (ARMV4I)
		{668C4D0B-35FC-4CC2-AF0F-A78D6DDB2929}.Debug|NetDCU9 (ARMV4I).Deploy.0 = Debug|NetDCU9 (ARMV4I)
		{668C4D0B-35FC-4CC2-AF0F-A78D6DDB2929}.Debug|PicoMOD3 Core (ARMV4I).ActiveCfg = Debug|NetDCU9 (ARMV4I)
		{668C4D0B-35FC-4CC2-AF0F-A78D6DDB2929}.Debug|Pocket PC 2003 (ARMV4).ActiveCfg = Debug|NetDCU9 (ARMV4I)
		{668C4D0B-35FC-4CC2-AF0F-A78D6DDB2929}.Debug|Smartphone 2003 (ARMV4).ActiveCfg = Debug|NetDCU9 (ARMV4I)
		{668C4D0B-35FC-4CC2-AF0F-A78D6DDB2929}.Debug|STANDARDSDK_500 (ARMV4I).ActiveCfg = Debug|NetDCU9 (ARMV4I)
		{668C4D0B-35FC-4CC2-AF0F-A78D6DDB2929}.Debug|STANDARDSDK_500 (MIPSII).ActiveCfg = Debug|NetDCU9 (ARMV4I)
		{668C4D0B-35FC-4CC2-AF0F-A78D6DDB2929}.Debug|STANDARDSDK_500 (MIPSII_FP).ActiveCfg = Debug|NetDCU9 (ARMV4I)
		{668C4D0B-35FC-4CC2-AF0F-A78D6DDB2929}.Debug|STANDARDSDK_500 (MIPSIV).ActiveCfg = Debug|NetDCU9 (ARMV4I)
		{668C4D0B-35FC-4CC2-AF0F-A78D6DDB2929}.Debug|STANDARDSDK_500 (MIPSIV_FP).ActiveCfg = Debug|NetDCU9 (ARMV4I)
		{668C4D0B-35FC-4CC2-AF0F-A78D6DDB2929}.Debug|STANDARDSDK_500 (SH4).ActiveCfg = Debug|NetDCU9 (ARMV4I)
		{668C4D0B-35FC-4CC2-AF0F-A78D6DDB2929}.Debug|STANDARDSDK_500 (x86).ActiveCfg = Debug|NetDCU9 (ARMV4I)
		{668C4D0B-35FC-4CC2-AF0F-A78D6DDB2929}.Debug|Win32.ActiveCfg = Debug|NetDCU9 (ARMV4I)
		{668C4D0B-35FC-4CC2-AF0F-A78D6DDB2929}.Debug|Windows Mobile 5.0 Pocket PC SDK (ARMV4I).ActiveCfg = Debug|NetDCU9 (ARMV4I)
		{668C4D0B-35FC-4CC2-AF0F-A78D6DDB2929}.Debug|Windows Mobile 5.0 Smartphone SDK (ARMV4I).ActiveCfg = Debug|NetDCU9 (ARMV4I)
		{668C4D0B-35FC-4CC2-AF0F-A78D6DDB2929}.Debug|Windows Mobile 6 Professional SDK (ARMV4I).ActiveCfg = Debug|NetDCU9 (ARMV4I)
		{668C4D0B-35FC-4CC2-AF0F-A78D6DDB2929}.Debug|x64.ActiveCfg = Debug|NetDCU9 (ARMV4I)
		{668C4D0B-35FC-4CC2-AF0F-A78D6DDB2929}.DLL-Import Debug|Mixed Platforms.ActiveCfg = Debug|NetDCU9 (ARMV4I)
		{668C4D0B-35FC-4CC2-AF0F-A78D6DDB2929}.DLL-Import Debug|Mixed Platforms.Build.0 = Debug|NetDCU9 (ARMV4I)
		{668C4D0B-35FC-4CC2-AF0F-A78D6DDB2929}.DLL-Import Debug|Mixed Platforms.Deploy.0 = Debug|NetDCU9 (ARMV4I)
		{668C4D0B-35FC-4CC2-AF0F-A78D6DDB2929}.DLL-Import Debug|NetDCU10 (ARMV4I).ActiveCfg = Debug|NetDCU9 (ARMV4I)
		{668C4D0B-35FC-4CC2-AF0F-A78D6DDB2929}.DLL-Import Debug|NetDCU8 (ARMV4I).ActiveCfg = Debug|NetDCU9 (ARMV4I)
		{668C4D0B-35FC-4CC2-AF0F-A78D6DDB2929}.DLL-Import Debug|NetDCU9 (ARMV4I).ActiveCfg = Debug|NetDCU9 (ARMV4I)
		{668C4D0B-35FC-4CC2-AF0F-A78D6DDB2929}.DLL-Import Debug|NetDCU9 (ARMV4I).Build.0 = Debug|NetDCU9 (ARMV4I)
		{668C4D0B-35FC-4CC2-AF0F-A78D6DDB2929}.DLL-Import Debug|NetDCU9 (ARMV4I).Deploy.0 = Debug|NetDCU9 (ARMV4I)
		{668C4D0B-35FC-4CC2-AF0F-A78D6DDB2929}.DLL-Import Debug|PicoMOD3 Core (ARMV4I).ActiveCfg = Debug|NetDCU9 (ARMV4I)
		{668C4D0B-35FC-4CC2-AF0F-A78D6DDB2929}.DLL-Import Debug|Pocket PC 2003 (ARMV4).ActiveCfg = Debug|NetDCU9 (ARMV4I)
		{668C4D0B-35FC-4CC2-AF0F-A78D6DDB2929}.DLL-Import Debug|Smartphone 2003 (ARMV4).ActiveCfg = Debug|NetDCU9 (ARMV4I)
		{668C4D0B-35FC-4CC2-AF0F-A78D6DDB2929}.DLL-Import Debug|STANDARDSDK_500 (ARMV4I).ActiveCfg = Debug|NetDCU9 (ARMV4I)
		{668C4D0B-35FC-4CC2-AF0F-A78D6DDB2929}.DLL-Import Debug|STANDARDSDK_500 (MIPSII).ActiveCfg = Debug|NetDCU9 (ARMV4I)
		{668C4D0B-35FC-4CC2-AF0F-A78D6DDB2929}.DLL-Import Debug|STANDARDSDK_500 (MIPSII_FP).ActiveCfg = Debug|NetDCU9 (ARMV4I)
		{668C4D0B-35FC-4CC2-AF0F-A78D6DDB2929}.DLL-Import Debug|STANDARDSDK_500 (MIPSIV).ActiveCfg = Debug|NetDCU9 (ARMV4I)
		{668C4D0B-35FC-4CC2-AF0F-A78D6DDB2929}.DLL-Import Debug|STANDARDSDK_500 (MIPSIV_FP).ActiveCfg = Debug|NetDCU9 (ARMV4I)
		{668C4D0B-35FC-4CC2-AF0F-A78D6DDB2929}.DLL-Import Debug|STANDARDSDK_500 (SH4).ActiveCfg = Debug|NetDCU9 (ARMV4I)
		{668C4D0B-35FC-4CC2-AF0F-A78D6DDB2929}.DLL-Import Debug|STANDARDSDK_500 (x86).ActiveCfg = Debug|NetDCU9 (ARMV4I)
		{668C4D0B-35FC-4CC2-AF0F-A78D6DDB2929}.DLL-Import Debug|Win32.ActiveCfg = Debug|NetDCU9 (ARMV4I)
		{668C4D0B-35FC-4CC2-AF0F-A78D6DDB2929}.DLL-Import Debug|Windows Mobile 5.0 Pocket PC SDK (ARMV4I).ActiveCfg = Debug|NetDCU9 (ARMV4I)
		{668C4D0B-35FC-4CC2-AF0F-A78D6DDB2929}.DLL-Import Debug|Windows Mobile 5.0 Smartphone SDK (ARMV4I).ActiveCfg = Debug|NetDCU9 (ARMV4I)
		{668C4D0B-35FC-4CC2-AF0F-A78D6DDB2929}.DLL-Import Debug|Windows Mobile 6 Professional SDK (ARMV4I).ActiveCfg = Debug|NetDCU9 (ARMV4I)
		{668C4D0B-35FC-4CC2-AF0F-A78D6DDB2929}.DLL-Import Debug|x64.ActiveCfg = Debug|NetDCU9 (ARMV4I)
		{668C4D0B-35FC-4CC2-AF0F-A78D6DDB2929}.DLL-Import Release|Mixed Platforms.ActiveCfg = Release|NetDCU9 (ARMV4I)
		{668C4D0B-35FC-4CC2-AF0F-A78D6DDB2929}.DLL-Import Release|Mixed Platforms.Build.0 = Release|NetDCU9 (ARMV4I)
		{668C4D0B-35FC-4CC2-AF0F-A78D6DDB2929}.DLL-Import Release|Mixed Platforms.Deploy.0 = Release|NetDCU9 (ARMV4I)
		{668C4D0B-35FC-4CC2-AF0F-A78D6DDB2929}.DLL-Import Release|NetDCU10 (ARMV4I).ActiveCfg = Release|NetDCU9 (ARMV4I)
		{668C4D0B-35FC-4CC2-AF0F-A78D6DDB2929}.DLL-Import Release|NetDCU8 (ARMV4I).ActiveCfg = Release|NetDCU9 (ARMV4I)
		{668C4D0B-35FC-4CC2-AF0F-A78D6DDB2929}.DLL-Import Release|NetDCU9 (ARMV4I).ActiveCfg = Release|NetDCU9 (ARMV4I)
		{668C4D0B-35FC-4CC2-AF0F-A78D6DDB2929}.DLL-Import Release|NetDCU9 (ARMV4I).Build.0 = Release|NetDCU9 (ARMV4I)
		{668C4D0B-35FC-4CC2-AF0F-A78D6DDB2929}.DLL-Import Release|NetDCU9 (ARMV4I).Deploy.0 = Release|NetDCU9 (ARMV4I)
		{668C4D0B-35FC-4CC2-AF0F-A78D6DDB2929}.DLL-Import Release|PicoMOD3 Core (ARMV4I).ActiveCfg = Release|NetDCU9 (ARMV4I)
		{668C4D0B-35FC-4CC2-AF0F-A78D6DDB2929}.DLL-Import Release|Pocket PC 2003 (ARMV4).ActiveCfg = Release|NetDCU9 (ARMV4I)
		{668C4D0B-35FC-4CC2-AF0F-A78D6DDB2929}.DLL-Import Release|Smartphone 2003 (ARMV4).ActiveCfg = Release|NetDCU9 (ARMV4I)
		{668C4D0B-35FC-4CC2-AF0F-A78D6DDB2929}.DLL-Import Release|STANDARDSDK_500 (ARMV4I).ActiveCfg = Release|NetDCU9 (ARMV4I)
		{668C4D0B-35FC-4CC2-AF0F-A78D6DDB2929}.DLL-Import Release|STANDARDSDK_500 (MIPSII).ActiveCfg = Release|NetDCU9 (ARMV4I)
		{668C4D0B-35FC-4CC2-AF0F-A78D6DDB2929}.DLL-Import Release|STANDARDSDK_500 (MIPSII_FP).ActiveCfg = Release|NetDCU9 (ARMV4I)
		{668C4D0B-35FC-4CC2-AF0F-A78D6DDB2929}.DLL-Import Release|STANDARDSDK_500 (MIPSIV).ActiveCfg = Release|NetDCU9 (ARMV4I)
		{668C4D0B-35FC-4CC2-AF0F-A78D6DDB2929}.DLL-Import Release|STANDARDSDK_500 (MIPSIV_FP).ActiveCfg = Release|NetDCU9 (ARMV4I)
		{668C4D0B-35FC-4CC2-AF0F-A78D6DDB2929}.DLL-Import Release|STANDARDSDK_500 (SH4).ActiveCfg = Release|NetDCU9 (ARMV4I)
		{668C4D0B-35FC-4CC2-AF0F-A78D6DDB2929}.DLL-Import Release|STANDARDSDK_500 (x86).ActiveCfg = Release|NetDCU9 (ARMV4I)
		{668C4D0B-35FC-4CC2-AF0F-A78D6DDB2929}.DLL-Import Release|Win32.ActiveCfg = Release|NetDCU9 (ARMV4I)
		{668C4D0B-35FC-4CC2-AF0F-A78D6DDB2929}.DLL-Import Release|Windows Mobile 5.0 Pocket PC SDK (ARMV4I).ActiveCfg = Release|NetDCU9 (ARMV4I)
		{668C4D0B-35FC-4CC2-AF0F-A78D6DDB2929}.DLL-Import Release|Windows Mobile 5.0 Smartphone SDK (ARMV4I).ActiveCfg = Release|NetDCU9 (ARMV4I)
		{668C4D0B-35FC-4CC2-AF0F-A78D6DDB2929}.DLL-Import Release|Windows Mobile 6 Professional SDK (ARMV4I).ActiveCfg = Release|NetDCU9 (ARMV4I)
		{668C4D0B-35FC-4CC2-AF0F-A78D6DDB2929}.DLL-Import Release|x64.ActiveCfg = Release|NetDCU9 (ARMV4I)
		{668C4D0B-35FC-4CC2-AF0F-A78D6DDB2929}.Release QTec|Mixed Platforms.ActiveCfg = Release|NetDCU9 (ARMV4I)
		{668C4D0B-35FC-4CC2-AF0F-A78D6DDB2929}.Release QTec|Mixed Platforms.Build.0 = Release|NetDCU9 (ARMV4I)
		{668C4D0B-35FC-4CC2-AF0F-A78D6DDB2929}.Release QTec|Mixed Platforms.Deploy.0 = Release|NetDCU9 (ARMV4I)
		{668C4D0B-35FC-4CC2-AF0F-A78D6DDB2929}.Release QTec|NetDCU10 (ARMV4I).ActiveCfg = Release|NetDCU9 (ARMV4I)
		{668C4D0B-35FC-4CC2-AF0F-A78D6DDB2929}.Release QTec|NetDCU8 (ARMV4I).ActiveCfg = Release|NetDCU9 (ARMV4I)
		{668C4D0B-35FC-4CC2-AF0F-A78D6DDB2929}.Release QTec|NetDCU9 (ARMV4I).ActiveCfg = Release|NetDCU9 (ARMV4I)
		{668C4D0B-35FC-4CC2-AF0F-A78D6DDB2929}.Release QTec|NetDCU9 (ARMV4I).Build.0 = Release|NetDCU9 (ARMV4I)
		{668C4D0B-35FC-4CC2-AF0F-A78D6DDB2929}.Release QTec|NetDCU9 (ARMV4I).Deploy.0 = Release|NetDCU9 (ARMV4I)
		{668C4D0B-35FC-4CC2-AF0F-A78D6DDB2929}.Release QTec|PicoMOD3 Core (ARMV4I).ActiveCfg = Release|NetDCU9 (ARMV4I)
		{668C4D0B-35FC-4CC2-AF0F-A78D6DDB2929}.Release QTec|Pocket PC 2003 (ARMV4).ActiveCfg = Release|NetDCU9 (ARMV4I)
		{668C4D0B-35FC-4CC2-AF0F-A78D6DDB2929}.Release QTec|Smartphone 2003 (ARMV4).ActiveCfg = Release|NetDCU9 (ARMV4I)
		{668C4D0B-35FC-4CC2-AF0F-A78D6DDB2929}.Release QTec|STANDARDSDK_500 (ARMV4I).ActiveCfg = Release|NetDCU9 (ARMV4I)
		{668C4D0B-35FC-4CC2-AF0F-A78D6DDB2929}.Release QTec|STANDARDSDK_500 (MIPSII).ActiveCfg = Release|NetDCU9 (ARMV4I)
		{668C4D0B-35FC-4CC2-AF0F-A78D6DDB2929}.Release QTec|STANDARDSDK_500 (MIPSII_FP).ActiveCfg = Release|NetDCU9 (ARMV4I)
		{668C4D0B-35FC-4CC2-AF0F-A78D6DDB2929}.Release QTec|STANDARDSDK_500 (MIPSIV).ActiveCfg = Release|NetDCU9 (ARMV4I)
		{668C4D0B-35FC-4CC2-AF0F-A78D6DDB2929}.Release QTec|STANDARDSDK_500 (MIPSIV_FP).ActiveCfg = Release|NetDCU9 (ARMV4I)
		{668C4D0B-35FC-4CC2-AF0F-A78D6DDB2929}.Release QTec|STANDARDSDK_500 (SH4).ActiveCfg = Release|NetDCU9 (ARMV4I)
		{668C4D0B-35FC-4CC2-AF0F-A78D6DDB2929}.Release QTec|STANDARDSDK_500 (x86).ActiveCfg = Release|NetDCU9 (ARMV4I)
		{668C4D0B-35FC-4CC2-AF0F-A78D6DDB2929}.Release QTec|Win32.ActiveCfg = Release|NetDCU9 (ARMV4I)
		{668C4D0B-35FC-4CC2-AF0F-A78D6DDB2929}.Release QTec|Windows Mobile 5.0 Pocket PC SDK (ARMV4I).ActiveCfg = Release|NetDCU9 (ARMV4I)
		{668C4D0B-35FC-4CC2-AF0F-A78D6DDB2929}.Release QTec|Windows Mobile 5.0 Smartphone SDK (ARMV4I).ActiveCfg = Release|NetDCU9 (ARMV4I)
		{668C4D0B-35FC-4CC2-AF0F-A78D6DDB2929}.Release QTec|Windows Mobile 6 Professional SDK (ARMV4I).ActiveCfg = Release|NetDCU9 (ARMV4I)
		{668C4D0B-35FC-4CC2-AF0F-A78D6DDB2929}.Release QTec|x64.ActiveCfg = Release|NetDCU9 (ARMV4I)
		{668C4D0B-35FC-4CC2-AF0F-A78D6DDB2929}.Release Static|Mixed Platforms.ActiveCfg = Release|NetDCU9 (ARMV4I)
		{668C4D0B-35FC-4CC2-AF0F-A78D6DDB2929}.Release Static|Mixed Platforms.Build.0 = Release|NetDCU9 (ARMV4I)
		{668C4D0B-35FC-4CC2-AF0F-A78D6DDB2929}.Release Static|Mixed Platforms.Deploy.0 = Release|NetDCU9 (ARMV4I)
		{668C4D0B-35FC-4CC2-AF0F-A78D6DDB2929}.Release Static|NetDCU10 (ARMV4I).ActiveCfg = Release|NetDCU9 (ARMV4I)
		{668C4D0B-35FC-4CC2-AF0F-A78D6DDB2929}.Release Static|NetDCU8 (ARMV4I).ActiveCfg = Release|NetDCU9 (ARMV4I)
		{668C4D0B-35FC-4CC2-AF0F-A78D6DDB2929}.Release Static|NetDCU9 (ARMV4I).ActiveCfg = Release|NetDCU9 (ARMV4I)
		{668C4D0B-35FC-4CC2-AF0F-A78D6DDB2929}.Release Static|NetDCU9 (ARMV4I).Build.0 = Release|NetDCU9 (ARMV4I)
		{668C4D0B-35FC-4CC2-AF0F-A78D6DDB2929}.Release Static|NetDCU9 (ARMV4I).Deploy.0 = Release|NetDCU9 (ARMV4I)
		{668C4D0B-35FC-4CC2-AF0F-A78D6DDB2929}.Release Static|PicoMOD3 Core (ARMV4I).ActiveCfg = Release|NetDCU9 (ARMV4I)
		{668C4D0B-35FC-4CC2-AF0F-A78D6DDB2929}.Release Static|Pocket PC 2003 (ARMV4).ActiveCfg = Release|NetDCU9 (ARMV4I)
		{668C4D0B-35FC-4CC2-AF0F-A78D6DDB2929}.Release Static|Smartphone 2003 (ARMV4).ActiveCfg = Release|NetDCU9 (ARMV4I)
		{668C4D0B-35FC-4CC2-AF0F-A78D6DDB2929}.Release Static|STANDARDSDK_500 (ARMV4I).ActiveCfg = Release|NetDCU9 (ARMV4I)
		{668C4D0B-35FC-4CC2-AF0F-A78D6DDB2929}.Release Static|STANDARDSDK_500 (MIPSII).ActiveCfg = Release|NetDCU9 (ARMV4I)
		{668C4D0B-35FC-4CC2-AF0F-A78D6DDB2929}.Release Static|STANDARDSDK_500 (MIPSII_FP).ActiveCfg = Release|NetDCU9 (ARMV4I)
		{668C4D0B-35FC-4CC2-AF0F-A78D6DDB2929}.Release Static|STANDARDSDK_500 (MIPSIV).ActiveCfg = Release|NetDCU9 (ARMV4I)
		{668C4D0B-35FC-4CC2-AF0F-A78D6DDB2929}.Release Static|STANDARDSDK_500 (MIPSIV_FP).ActiveCfg = Release|NetDCU9 (ARMV4I)
		{668C4D0B-35FC-4CC2-AF0F-A78D6DDB2929}.Release Static|STANDARDSDK_500 (SH4).ActiveCfg = Release|NetDCU9 (ARMV4I)
		{668C4D0B-35FC-4CC2-AF0F-A78D6DDB2929}.Release Static|STANDARDSDK_500 (x86).ActiveCfg = Release|NetDCU9 (ARMV4I)
		{668C4D0B-35FC-4CC2-AF0F-A78D6DDB2929}.Release Static|Win32.ActiveCfg = Release|NetDCU9 (ARMV4I)
		{668C4D0B-35FC-4CC2-AF0F-A78D6DDB2929}.Release Static|Windows Mobile 5.0 Pocket PC SDK (ARMV4I).ActiveCfg = Release|NetDCU9 (ARMV4I)
		{668C4D0B-35FC-4CC2-AF0F-A78D6DDB2929}.Release Static|Windows Mobile 5.0 Smartphone SDK (ARMV4I).ActiveCfg = Release|NetDCU9 (ARMV4I)
		{668C4D0B-35FC-4CC2-AF0F-A78D6DDB2929}.Release Static|Windows Mobile 6 Professional SDK (ARMV4I).ActiveCfg = Release|NetDCU9 (ARMV4I)
		{668C4D0B-35FC-4CC2-AF0F-A78D6DDB2929}.Release Static|x64.ActiveCfg = Release|NetDCU9 (ARMV4I)
		{668C4D0B-35FC-4CC2-AF0F-A78D6DDB2929}.Release|Mixed Platforms.ActiveCfg = Release|NetDCU9 (ARMV4I)
		{668C4D0B-35FC-4CC2-AF0F-A78D6DDB2929}.Release|Mixed Platforms.Build.0 = Release|NetDCU9 (ARMV4I)
		{668C4D0B-35FC-4CC2-AF0F-A78D6DDB2929}.Release|Mixed Platforms.Deploy.0 = Release|NetDCU9 (ARMV4I)
		{668C4D0B-35FC-4CC2-AF0F-A78D6DDB2929}.Release|NetDCU10 (ARMV4I).ActiveCfg = Release|NetDCU9 (ARMV4I)
		{668C4D0B-35FC-4CC2-AF0F-A78D6DDB2929}.Release|NetDCU8 (ARMV4I).ActiveCfg = Release|NetDCU9 (ARMV4I)
		{668C4D0B-35FC-4CC2-AF0F-A78D6DDB2929}.Release|NetDCU9 (ARMV4I).ActiveCfg = Release|NetDCU9 (ARMV4I)
		{668C4D0B-35FC-4CC2-AF0F-A78D6DDB2929}.Release|NetDCU9 (ARMV4I).Build.0 = Release|NetDCU9 (ARMV4I)
		{668C4D0B-35FC-4CC2-AF0F-A78D6DDB2929}.Release|NetDCU9 (ARMV4I).Deploy.0 = Release|NetDCU9 (ARMV4I)
		{668C4D0B-35FC-4CC2-AF0F-A78D6DDB2929}.Release|PicoMOD3 Core (ARMV4I).ActiveCfg = Release|NetDCU9 (ARMV4I)
		{668C4D0B-35FC-4CC2-AF0F-A78D6DDB2929}.Release|Pocket PC 2003 (ARMV4).ActiveCfg = Release|NetDCU9 (ARMV4I)
		{668C4D0B-35FC-4CC2-AF0F-A78D6DDB2929}.Release|Smartphone 2003 (ARMV4).ActiveCfg = Release|NetDCU9 (ARMV4I)
		{668C4D0B-35FC-4CC2-AF0F-A78D6DDB2929}.Release|STANDARDSDK_500 (ARMV4I).ActiveCfg = Release|NetDCU9 (ARMV4I)
		{668C4D0B-35FC-4CC2-AF0F-A78D6DDB2929}.Release|STANDARDSDK_500 (MIPSII).ActiveCfg = Release|NetDCU9 (ARMV4I)
		{668C4D0B-35FC-4CC2-AF0F-A78D6DDB2929}.Release|STANDARDSDK_500 (MIPSII_FP).ActiveCfg = Release|NetDCU9 (ARMV4I)
		{668C4D0B-35FC-4CC2-AF0F-A78D6DDB2929}.Release|STANDARDSDK_500 (MIPSIV).ActiveCfg = Release|NetDCU9 (ARMV4I)
		{668C4D0B-35FC-4CC2-AF0F-A78D6DDB2929}.Release|STANDARDSDK_500 (MIPSIV_FP).ActiveCfg = Release|NetDCU9 (ARMV4I)
		{668C4D0B-35FC-4CC2-AF0F-A78D6DDB2929}.Release|STANDARDSDK_500 (SH4).ActiveCfg = Release|NetDCU9 (ARMV4I)
		{668C4D0B-35FC-4CC2-AF0F-A78D6DDB2929}.Release|STANDARDSDK_500 (x86).ActiveCfg = Release|NetDCU9 (ARMV4I)
		{668C4D0B-35FC-4CC2-AF0F-A78D6DDB2929}.Release|Win32.ActiveCfg = Release|NetDCU9 (ARMV4I)
		{668C4D0B-35FC-4CC2-AF0F-A78D6DDB2929}.Release|Windows Mobile 5.0 Pocket PC SDK (ARMV4I).ActiveCfg = Release|NetDCU9 (ARMV4I)
		{668C4D0B-35FC-4CC2-AF0F-A78D6DDB2929}.Release|Windows Mobile 5.0 Smartphone SDK (ARMV4I).ActiveCfg = Release|NetDCU9 (ARMV4I)
		{668C4D0B-35FC-4CC2-AF0F-A78D6DDB2929}.Release|Windows Mobile 6 Professional SDK (ARMV4I).ActiveCfg = Release|NetDCU9 (ARMV4I)
		{668C4D0B-35FC-4CC2-AF0F-A78D6DDB2929}.Release|x64.ActiveCfg = Release|NetDCU9 (ARMV4I)
	EndGlobalSection
	GlobalSection(SolutionProperties) = preSolution
		HideSolutionNode = FALSE
	EndGlobalSection
	GlobalSection(ExtensibilityGlobals) = postSolution
		VisualSVNWorkingCopyRoot = .
	EndGlobalSection
	GlobalSection(TeamFoundationVersionControl) = preSolution
		SccNumberOfProjects = 5
		SccEnterpriseProvider = {4CA58AB2-18FA-4F8D-95D4-32DDF27D184C}
		SccTeamFoundationServer = http://192.168.178.59:8080/tfs
		SccLocalPath0 = .
		SccProjectUniqueName1 = FabianHFO\\FabianHFO.vcproj
		SccProjectName1 = FabianHFO
		SccLocalPath1 = FabianHFO
		SccProjectUniqueName2 = FabianLib\\FabianLib.vcproj
		SccProjectName2 = FabianLib
		SccLocalPath2 = FabianLib
		SccProjectUniqueName3 = ..\\..\\..\\CELibProject\\CELib\\CELib.vcproj
		SccProjectName3 = ../../../CELibProject/CELib
		SccLocalPath3 = ..\\..\\..\\CELibProject\\CELib
		SccProjectUniqueName4 = acuLinkLib\\acuLinkLib.vcproj
		SccProjectName4 = acuLinkLib
		SccLocalPath4 = acuLinkLib
	EndGlobalSection
EndGlobal
